// !$*UTF8*$!
{
	archiveVersion = 1;
	classes = {
	};
	objectVersion = 48;
	objects = {

/* Begin PBXBuildFile section */
		0B9EDB0E1E2C7325F25D6954 /* Pods_Im_Ready_.framework in Frameworks */ = {isa = PBXBuildFile; fileRef = AF19877FEB36B0C64EB9B20D /* Pods_Im_Ready_.framework */; };
		55B7494C0208B9E357CA77AF /* Pods_Im_Ready_Tests.framework in Frameworks */ = {isa = PBXBuildFile; fileRef = 0BD69AA0C458F2E755C56A2A /* Pods_Im_Ready_Tests.framework */; };
		E398416CB00FC82F09388693 /* Pods_Im_Ready_UITests.framework in Frameworks */ = {isa = PBXBuildFile; fileRef = B5FDBBBA72EC5EA82C1D167F /* Pods_Im_Ready_UITests.framework */; };
		FA03F476200D03D700322435 /* CalendarDetailViewController.swift in Sources */ = {isa = PBXBuildFile; fileRef = FA03F475200D03D700322435 /* CalendarDetailViewController.swift */; };
		FA03F478200D28DF00322435 /* Settings.bundle in Resources */ = {isa = PBXBuildFile; fileRef = FA03F477200D28DF00322435 /* Settings.bundle */; };
		FA3383EF1FD05C6C00847C05 /* ClientActivityStackViewCell.swift in Sources */ = {isa = PBXBuildFile; fileRef = FA3383ED1FD05C6C00847C05 /* ClientActivityStackViewCell.swift */; };
		FA35EFB91FE802F1000C9B76 /* FutureplanResult.swift in Sources */ = {isa = PBXBuildFile; fileRef = FA35EFB81FE802F1000C9B76 /* FutureplanResult.swift */; };
		FA35EFBB1FE85E49000C9B76 /* ClientBuildingblock.swift in Sources */ = {isa = PBXBuildFile; fileRef = FA35EFBA1FE85E49000C9B76 /* ClientBuildingblock.swift */; };
		FA35EFBD1FE85E86000C9B76 /* ClientComponent.swift in Sources */ = {isa = PBXBuildFile; fileRef = FA35EFBC1FE85E86000C9B76 /* ClientComponent.swift */; };
		FA35EFBF1FE85F21000C9B76 /* ClientActivity.swift in Sources */ = {isa = PBXBuildFile; fileRef = FA35EFBE1FE85F21000C9B76 /* ClientActivity.swift */; };
		FA36BE941FE170060044EEB6 /* LocalAuthentication.framework in Frameworks */ = {isa = PBXBuildFile; fileRef = FA36BE931FE170060044EEB6 /* LocalAuthentication.framework */; };
		FA3CB3FF1FD56F3200142CCF /* ChatViewController.swift in Sources */ = {isa = PBXBuildFile; fileRef = FA3CB3FE1FD56F3200142CCF /* ChatViewController.swift */; };
		FA3CB4021FD57AD100142CCF /* ChatCollectionViewCell.swift in Sources */ = {isa = PBXBuildFile; fileRef = FA3CB4011FD57AD100142CCF /* ChatCollectionViewCell.swift */; };
		FA3CB4041FD5D22400142CCF /* ChatsService.swift in Sources */ = {isa = PBXBuildFile; fileRef = FA3CB4031FD5D22400142CCF /* ChatsService.swift */; };
		FA3CB4061FD5D2CB00142CCF /* MessageResult.swift in Sources */ = {isa = PBXBuildFile; fileRef = FA3CB4051FD5D2CB00142CCF /* MessageResult.swift */; };
		FA4B72601FF4F7CE00949FF6 /* ChooseNewBuildingblockViewController.swift in Sources */ = {isa = PBXBuildFile; fileRef = FA4B725F1FF4F7CE00949FF6 /* ChooseNewBuildingblockViewController.swift */; };
		FA4B72621FF5015B00949FF6 /* Alerts.swift in Sources */ = {isa = PBXBuildFile; fileRef = FA4B72611FF5015B00949FF6 /* Alerts.swift */; };
		FA4B72671FF53D7E00949FF6 /* BuildingblockCollectionViewCell.swift in Sources */ = {isa = PBXBuildFile; fileRef = FA4B72651FF53D7E00949FF6 /* BuildingblockCollectionViewCell.swift */; };
		FA4B87461FC307FD008CB427 /* BuildingblockResult.swift in Sources */ = {isa = PBXBuildFile; fileRef = FA4B87451FC307FD008CB427 /* BuildingblockResult.swift */; };
		FA4B87481FC3091D008CB427 /* BuildingblockService.swift in Sources */ = {isa = PBXBuildFile; fileRef = FA4B87471FC3091D008CB427 /* BuildingblockService.swift */; };
		FA4B874A1FC31461008CB427 /* UIViewControllerExtension.swift in Sources */ = {isa = PBXBuildFile; fileRef = FA4B87491FC31461008CB427 /* UIViewControllerExtension.swift */; };
		FA4BC4FA200BB5D40011D158 /* CalendarViewController.swift in Sources */ = {isa = PBXBuildFile; fileRef = FA4BC4F9200BB5D40011D158 /* CalendarViewController.swift */; };
		FA4BC4FC200BB8B90011D158 /* CalendarTableViewCell.swift in Sources */ = {isa = PBXBuildFile; fileRef = FA4BC4FB200BB8B90011D158 /* CalendarTableViewCell.swift */; };
		FA4DFE361FBADB7700945B2A /* Chat.swift in Sources */ = {isa = PBXBuildFile; fileRef = FA4DFE351FBADB7700945B2A /* Chat.swift */; };
		FA4DFE381FBADB8500945B2A /* Message.swift in Sources */ = {isa = PBXBuildFile; fileRef = FA4DFE371FBADB8500945B2A /* Message.swift */; };
		FA4DFE3C1FBB198C00945B2A /* User.swift in Sources */ = {isa = PBXBuildFile; fileRef = FA4DFE3B1FBB198C00945B2A /* User.swift */; };
		FA4DFE3E1FBC19D900945B2A /* Buildingblock.swift in Sources */ = {isa = PBXBuildFile; fileRef = FA4DFE3D1FBC19D900945B2A /* Buildingblock.swift */; };
		FA4DFE401FBC1AF500945B2A /* Component.swift in Sources */ = {isa = PBXBuildFile; fileRef = FA4DFE3F1FBC1AF500945B2A /* Component.swift */; };
		FA4DFE421FBC1B7C00945B2A /* Activity.swift in Sources */ = {isa = PBXBuildFile; fileRef = FA4DFE411FBC1B7C00945B2A /* Activity.swift */; };
		FA4DFE441FBC1C5E00945B2A /* Relative.swift in Sources */ = {isa = PBXBuildFile; fileRef = FA4DFE431FBC1C5E00945B2A /* Relative.swift */; };
		FA4DFE471FBC205100945B2A /* LoginResult.swift in Sources */ = {isa = PBXBuildFile; fileRef = FA4DFE461FBC205100945B2A /* LoginResult.swift */; };
		FA4DFE491FBC33E000945B2A /* EntityModel.swift in Sources */ = {isa = PBXBuildFile; fileRef = FA4DFE481FBC33E000945B2A /* EntityModel.swift */; };
		FA528D881FD9642000052647 /* ClientActivityViewController.swift in Sources */ = {isa = PBXBuildFile; fileRef = FA528D871FD9642000052647 /* ClientActivityViewController.swift */; };
		FA528D8A1FD9693C00052647 /* ClientComponentCollectionViewCell.swift in Sources */ = {isa = PBXBuildFile; fileRef = FA528D891FD9693C00052647 /* ClientComponentCollectionViewCell.swift */; };
		FA528D901FD98A9700052647 /* ActivityStackViewCell.xib in Resources */ = {isa = PBXBuildFile; fileRef = FA528D8F1FD98A9700052647 /* ActivityStackViewCell.xib */; };
		FA528D981FDB185C00052647 /* ClientTask.swift in Sources */ = {isa = PBXBuildFile; fileRef = FA528D971FDB185C00052647 /* ClientTask.swift */; };
		FA528D9A1FDB1A2100052647 /* Feedback.swift in Sources */ = {isa = PBXBuildFile; fileRef = FA528D991FDB1A2100052647 /* Feedback.swift */; };
		FA528D9C1FDB1B0C00052647 /* UsefulLinks.swift in Sources */ = {isa = PBXBuildFile; fileRef = FA528D9B1FDB1B0C00052647 /* UsefulLinks.swift */; };
		FA64A6F21FFE6876005E7BE5 /* ComponentCollectionViewCell.swift in Sources */ = {isa = PBXBuildFile; fileRef = FA64A6F11FFE6876005E7BE5 /* ComponentCollectionViewCell.swift */; };
		FA64A6F81FFFCD45005E7BE5 /* ChooseNewComponentViewController.swift in Sources */ = {isa = PBXBuildFile; fileRef = FA64A6F71FFFCD45005E7BE5 /* ChooseNewComponentViewController.swift */; };
		FA7265DC1FC6104200E7FBC4 /* ComponentService.swift in Sources */ = {isa = PBXBuildFile; fileRef = FA7265DB1FC6104200E7FBC4 /* ComponentService.swift */; };
		FA7265DE1FC6CA2D00E7FBC4 /* ActivityService.swift in Sources */ = {isa = PBXBuildFile; fileRef = FA7265DD1FC6CA2D00E7FBC4 /* ActivityService.swift */; };
		FA7265DF1FC6ECF800E7FBC4 /* SwiftyJSON.framework in Frameworks */ = {isa = PBXBuildFile; fileRef = FA7265E01FC6ECF800E7FBC4 /* SwiftyJSON.framework */; };
		FA73CDEF1FBF2D110077F563 /* HomescreenViewController.swift in Sources */ = {isa = PBXBuildFile; fileRef = FA73CDEE1FBF2D110077F563 /* HomescreenViewController.swift */; };
		FA7471FA1FC722A200D0D9D8 /* ComponentResult.swift in Sources */ = {isa = PBXBuildFile; fileRef = FA7471F91FC722A200D0D9D8 /* ComponentResult.swift */; };
		FA7471FC1FC722E100D0D9D8 /* ActivityResult.swift in Sources */ = {isa = PBXBuildFile; fileRef = FA7471FB1FC722E100D0D9D8 /* ActivityResult.swift */; };
		FA7472001FCC088300D0D9D8 /* ClientComponentViewController.swift in Sources */ = {isa = PBXBuildFile; fileRef = FA7471FF1FCC088300D0D9D8 /* ClientComponentViewController.swift */; };
		FA8306BE1FDE930F00BC225F /* BlockType.swift in Sources */ = {isa = PBXBuildFile; fileRef = FA8306BD1FDE930F00BC225F /* BlockType.swift */; };
		FA8306C01FDE931900BC225F /* Role.swift in Sources */ = {isa = PBXBuildFile; fileRef = FA8306BF1FDE931900BC225F /* Role.swift */; };
		FA8306C21FDE932500BC225F /* TriggerLevel.swift in Sources */ = {isa = PBXBuildFile; fileRef = FA8306C11FDE932500BC225F /* TriggerLevel.swift */; };
		FA8306C41FDE932F00BC225F /* Status.swift in Sources */ = {isa = PBXBuildFile; fileRef = FA8306C31FDE932F00BC225F /* Status.swift */; };
		FA8306C81FDEC23B00BC225F /* MessageViewController.swift in Sources */ = {isa = PBXBuildFile; fileRef = FA8306C71FDEC23B00BC225F /* MessageViewController.swift */; };
		FA8306CA1FDEC34200BC225F /* SendingMessageTableViewCell.swift in Sources */ = {isa = PBXBuildFile; fileRef = FA8306C91FDEC34200BC225F /* SendingMessageTableViewCell.swift */; };
		FA9CF8CB200BDB5200A983D7 /* Appointment.swift in Sources */ = {isa = PBXBuildFile; fileRef = FA9CF8CA200BDB5200A983D7 /* Appointment.swift */; };
		FA9CF8CD200BDFD600A983D7 /* AppointmentService.swift in Sources */ = {isa = PBXBuildFile; fileRef = FA9CF8CC200BDFD600A983D7 /* AppointmentService.swift */; };
		FA9CF8CF200BE16200A983D7 /* AppointmentResult.swift in Sources */ = {isa = PBXBuildFile; fileRef = FA9CF8CE200BE16200A983D7 /* AppointmentResult.swift */; };
		FAA4BB8B1FBF0421006B845D /* Services.swift in Sources */ = {isa = PBXBuildFile; fileRef = FAA4BB8A1FBF0421006B845D /* Services.swift */; };
		FAB235621FB990F60099B29D /* AppDelegate.swift in Sources */ = {isa = PBXBuildFile; fileRef = FAB235611FB990F60099B29D /* AppDelegate.swift */; };
		FAB235671FB990F60099B29D /* Client.storyboard in Resources */ = {isa = PBXBuildFile; fileRef = FAB235651FB990F60099B29D /* Client.storyboard */; };
		FAB2356A1FB990F60099B29D /* Im_Ready_.xcdatamodeld in Sources */ = {isa = PBXBuildFile; fileRef = FAB235681FB990F60099B29D /* Im_Ready_.xcdatamodeld */; };
		FAB2356C1FB990F60099B29D /* Assets.xcassets in Resources */ = {isa = PBXBuildFile; fileRef = FAB2356B1FB990F60099B29D /* Assets.xcassets */; };
		FAB2356F1FB990F60099B29D /* LaunchScreen.storyboard in Resources */ = {isa = PBXBuildFile; fileRef = FAB2356D1FB990F60099B29D /* LaunchScreen.storyboard */; };
		FAB2357A1FB990F60099B29D /* Im_Ready_Tests.swift in Sources */ = {isa = PBXBuildFile; fileRef = FAB235791FB990F60099B29D /* Im_Ready_Tests.swift */; };
		FAB235851FB990F60099B29D /* Im_Ready_UITests.swift in Sources */ = {isa = PBXBuildFile; fileRef = FAB235841FB990F60099B29D /* Im_Ready_UITests.swift */; };
		FAB235941FB994380099B29D /* Roboto in Resources */ = {isa = PBXBuildFile; fileRef = FAB235931FB994380099B29D /* Roboto */; };
		FAB235961FB9960E0099B29D /* Info.plist in Resources */ = {isa = PBXBuildFile; fileRef = FAB235701FB990F60099B29D /* Info.plist */; };
		FAB2359C1FB99A970099B29D /* Client.swift in Sources */ = {isa = PBXBuildFile; fileRef = FAB2359B1FB99A970099B29D /* Client.swift */; };
		FAB2359E1FB99AA70099B29D /* Caregiver.swift in Sources */ = {isa = PBXBuildFile; fileRef = FAB2359D1FB99AA70099B29D /* Caregiver.swift */; };
		FAB235A21FB99B720099B29D /* LoginViewController.swift in Sources */ = {isa = PBXBuildFile; fileRef = FAB235A11FB99B720099B29D /* LoginViewController.swift */; };
		FADAB4491FBDE0C00069E290 /* Caregiver.storyboard in Resources */ = {isa = PBXBuildFile; fileRef = FADAB4481FBDE0C00069E290 /* Caregiver.storyboard */; };
		FADAB4501FBDEFAF0069E290 /* ApiClient.swift in Sources */ = {isa = PBXBuildFile; fileRef = FADAB44F1FBDEFAF0069E290 /* ApiClient.swift */; };
		FADAB4531FBDF0350069E290 /* AuthenticationService.swift in Sources */ = {isa = PBXBuildFile; fileRef = FADAB4521FBDF0350069E290 /* AuthenticationService.swift */; };
		FADAB4571FBDF2D60069E290 /* ClientService.swift in Sources */ = {isa = PBXBuildFile; fileRef = FADAB4561FBDF2D60069E290 /* ClientService.swift */; };
		FADAB4591FBECEAC0069E290 /* Extensions.swift in Sources */ = {isa = PBXBuildFile; fileRef = FADAB4581FBECEAC0069E290 /* Extensions.swift */; };
		FADAB45B1FBECF710069E290 /* BuildingblockCell.swift in Sources */ = {isa = PBXBuildFile; fileRef = FADAB45A1FBECF710069E290 /* BuildingblockCell.swift */; };
		FADB8FCC1FE003A300EECB8B /* MessageService.swift in Sources */ = {isa = PBXBuildFile; fileRef = FADB8FCB1FE003A300EECB8B /* MessageService.swift */; };
		FADB8FCE1FE006CE00EECB8B /* UserService.swift in Sources */ = {isa = PBXBuildFile; fileRef = FADB8FCD1FE006CE00EECB8B /* UserService.swift */; };
		FADB8FD01FE02AC600EECB8B /* IncomingMessageTableViewCell.swift in Sources */ = {isa = PBXBuildFile; fileRef = FADB8FCF1FE02AC600EECB8B /* IncomingMessageTableViewCell.swift */; };
		FADB8FD21FE1514300EECB8B /* CurrentUser.swift in Sources */ = {isa = PBXBuildFile; fileRef = FADB8FD11FE1514300EECB8B /* CurrentUser.swift */; };
		FAF1561F1FE9319400C6B9C2 /* ActivityIndicator.swift in Sources */ = {isa = PBXBuildFile; fileRef = FAF1561E1FE9319400C6B9C2 /* ActivityIndicator.swift */; };
		FAF467391FEAC18500D8DB43 /* AddNewBuildingblock.swift in Sources */ = {isa = PBXBuildFile; fileRef = FAF467381FEAC18500D8DB43 /* AddNewBuildingblock.swift */; };
		FAF4673B1FEAF41900D8DB43 /* AddBuildingblockCollectionViewCell.swift in Sources */ = {isa = PBXBuildFile; fileRef = FAF4673A1FEAF41900D8DB43 /* AddBuildingblockCollectionViewCell.swift */; };
		FAF4A1B01FE416FE001C0D86 /* InternetConnection.swift in Sources */ = {isa = PBXBuildFile; fileRef = FAF4A1AF1FE416FE001C0D86 /* InternetConnection.swift */; };
/* End PBXBuildFile section */

/* Begin PBXContainerItemProxy section */
		FAB235761FB990F60099B29D /* PBXContainerItemProxy */ = {
			isa = PBXContainerItemProxy;
			containerPortal = FAB235561FB990F50099B29D /* Project object */;
			proxyType = 1;
			remoteGlobalIDString = FAB2355D1FB990F60099B29D;
			remoteInfo = "Im Ready!";
		};
		FAB235811FB990F60099B29D /* PBXContainerItemProxy */ = {
			isa = PBXContainerItemProxy;
			containerPortal = FAB235561FB990F50099B29D /* Project object */;
			proxyType = 1;
			remoteGlobalIDString = FAB2355D1FB990F60099B29D;
			remoteInfo = "Im Ready!";
		};
/* End PBXContainerItemProxy section */

/* Begin PBXCopyFilesBuildPhase section */
		FAEA7C60200BD66200337E3B /* Embed Frameworks */ = {
			isa = PBXCopyFilesBuildPhase;
			buildActionMask = 2147483647;
			dstPath = "";
			dstSubfolderSpec = 10;
			files = (
			);
			name = "Embed Frameworks";
			runOnlyForDeploymentPostprocessing = 0;
		};
/* End PBXCopyFilesBuildPhase section */

/* Begin PBXFileReference section */
		0BD69AA0C458F2E755C56A2A /* Pods_Im_Ready_Tests.framework */ = {isa = PBXFileReference; explicitFileType = wrapper.framework; includeInIndex = 0; path = Pods_Im_Ready_Tests.framework; sourceTree = BUILT_PRODUCTS_DIR; };
		59707C614206F5C8B8CD852E /* Pods-Im Ready!.release.xcconfig */ = {isa = PBXFileReference; includeInIndex = 1; lastKnownFileType = text.xcconfig; name = "Pods-Im Ready!.release.xcconfig"; path = "Pods/Target Support Files/Pods-Im Ready!/Pods-Im Ready!.release.xcconfig"; sourceTree = "<group>"; };
		6BECBDC8E2921F4D4873CE03 /* Pods-Im Ready!Tests.release.xcconfig */ = {isa = PBXFileReference; includeInIndex = 1; lastKnownFileType = text.xcconfig; name = "Pods-Im Ready!Tests.release.xcconfig"; path = "Pods/Target Support Files/Pods-Im Ready!Tests/Pods-Im Ready!Tests.release.xcconfig"; sourceTree = "<group>"; };
		74133F7968F33C1006A5B301 /* Pods-Im Ready!.debug.xcconfig */ = {isa = PBXFileReference; includeInIndex = 1; lastKnownFileType = text.xcconfig; name = "Pods-Im Ready!.debug.xcconfig"; path = "Pods/Target Support Files/Pods-Im Ready!/Pods-Im Ready!.debug.xcconfig"; sourceTree = "<group>"; };
		A4401D549EE167C2C61F36A6 /* Pods-Im Ready!UITests.debug.xcconfig */ = {isa = PBXFileReference; includeInIndex = 1; lastKnownFileType = text.xcconfig; name = "Pods-Im Ready!UITests.debug.xcconfig"; path = "Pods/Target Support Files/Pods-Im Ready!UITests/Pods-Im Ready!UITests.debug.xcconfig"; sourceTree = "<group>"; };
		AF19877FEB36B0C64EB9B20D /* Pods_Im_Ready_.framework */ = {isa = PBXFileReference; explicitFileType = wrapper.framework; includeInIndex = 0; path = Pods_Im_Ready_.framework; sourceTree = BUILT_PRODUCTS_DIR; };
		B5FDBBBA72EC5EA82C1D167F /* Pods_Im_Ready_UITests.framework */ = {isa = PBXFileReference; explicitFileType = wrapper.framework; includeInIndex = 0; path = Pods_Im_Ready_UITests.framework; sourceTree = BUILT_PRODUCTS_DIR; };
		C218B82C4D603095F850F4D3 /* Pods-Im Ready!UITests.release.xcconfig */ = {isa = PBXFileReference; includeInIndex = 1; lastKnownFileType = text.xcconfig; name = "Pods-Im Ready!UITests.release.xcconfig"; path = "Pods/Target Support Files/Pods-Im Ready!UITests/Pods-Im Ready!UITests.release.xcconfig"; sourceTree = "<group>"; };
		EA22577E3139BDD4A7B335DE /* Pods-Im Ready!Tests.debug.xcconfig */ = {isa = PBXFileReference; includeInIndex = 1; lastKnownFileType = text.xcconfig; name = "Pods-Im Ready!Tests.debug.xcconfig"; path = "Pods/Target Support Files/Pods-Im Ready!Tests/Pods-Im Ready!Tests.debug.xcconfig"; sourceTree = "<group>"; };
		FA03F475200D03D700322435 /* CalendarDetailViewController.swift */ = {isa = PBXFileReference; lastKnownFileType = sourcecode.swift; path = CalendarDetailViewController.swift; sourceTree = "<group>"; };
		FA03F477200D28DF00322435 /* Settings.bundle */ = {isa = PBXFileReference; lastKnownFileType = "wrapper.plug-in"; path = Settings.bundle; sourceTree = "<group>"; };
		FA3383ED1FD05C6C00847C05 /* ClientActivityStackViewCell.swift */ = {isa = PBXFileReference; lastKnownFileType = sourcecode.swift; path = ClientActivityStackViewCell.swift; sourceTree = "<group>"; };
		FA35EFB81FE802F1000C9B76 /* FutureplanResult.swift */ = {isa = PBXFileReference; lastKnownFileType = sourcecode.swift; path = FutureplanResult.swift; sourceTree = "<group>"; };
		FA35EFBA1FE85E49000C9B76 /* ClientBuildingblock.swift */ = {isa = PBXFileReference; lastKnownFileType = sourcecode.swift; path = ClientBuildingblock.swift; sourceTree = "<group>"; };
		FA35EFBC1FE85E86000C9B76 /* ClientComponent.swift */ = {isa = PBXFileReference; lastKnownFileType = sourcecode.swift; path = ClientComponent.swift; sourceTree = "<group>"; };
		FA35EFBE1FE85F21000C9B76 /* ClientActivity.swift */ = {isa = PBXFileReference; lastKnownFileType = sourcecode.swift; path = ClientActivity.swift; sourceTree = "<group>"; };
		FA36BE931FE170060044EEB6 /* LocalAuthentication.framework */ = {isa = PBXFileReference; lastKnownFileType = wrapper.framework; name = LocalAuthentication.framework; path = System/Library/Frameworks/LocalAuthentication.framework; sourceTree = SDKROOT; };
		FA3CB3FE1FD56F3200142CCF /* ChatViewController.swift */ = {isa = PBXFileReference; lastKnownFileType = sourcecode.swift; path = ChatViewController.swift; sourceTree = "<group>"; };
		FA3CB4011FD57AD100142CCF /* ChatCollectionViewCell.swift */ = {isa = PBXFileReference; lastKnownFileType = sourcecode.swift; path = ChatCollectionViewCell.swift; sourceTree = "<group>"; };
		FA3CB4031FD5D22400142CCF /* ChatsService.swift */ = {isa = PBXFileReference; lastKnownFileType = sourcecode.swift; path = ChatsService.swift; sourceTree = "<group>"; };
		FA3CB4051FD5D2CB00142CCF /* MessageResult.swift */ = {isa = PBXFileReference; lastKnownFileType = sourcecode.swift; path = MessageResult.swift; sourceTree = "<group>"; };
		FA4B725F1FF4F7CE00949FF6 /* ChooseNewBuildingblockViewController.swift */ = {isa = PBXFileReference; lastKnownFileType = sourcecode.swift; path = ChooseNewBuildingblockViewController.swift; sourceTree = "<group>"; };
		FA4B72611FF5015B00949FF6 /* Alerts.swift */ = {isa = PBXFileReference; lastKnownFileType = sourcecode.swift; path = Alerts.swift; sourceTree = "<group>"; };
		FA4B72651FF53D7E00949FF6 /* BuildingblockCollectionViewCell.swift */ = {isa = PBXFileReference; lastKnownFileType = sourcecode.swift; path = BuildingblockCollectionViewCell.swift; sourceTree = "<group>"; };
		FA4B87451FC307FD008CB427 /* BuildingblockResult.swift */ = {isa = PBXFileReference; lastKnownFileType = sourcecode.swift; path = BuildingblockResult.swift; sourceTree = "<group>"; };
		FA4B87471FC3091D008CB427 /* BuildingblockService.swift */ = {isa = PBXFileReference; lastKnownFileType = sourcecode.swift; path = BuildingblockService.swift; sourceTree = "<group>"; };
		FA4B87491FC31461008CB427 /* UIViewControllerExtension.swift */ = {isa = PBXFileReference; lastKnownFileType = sourcecode.swift; path = UIViewControllerExtension.swift; sourceTree = "<group>"; };
		FA4BC4F9200BB5D40011D158 /* CalendarViewController.swift */ = {isa = PBXFileReference; lastKnownFileType = sourcecode.swift; path = CalendarViewController.swift; sourceTree = "<group>"; };
		FA4BC4FB200BB8B90011D158 /* CalendarTableViewCell.swift */ = {isa = PBXFileReference; lastKnownFileType = sourcecode.swift; path = CalendarTableViewCell.swift; sourceTree = "<group>"; };
		FA4DFE351FBADB7700945B2A /* Chat.swift */ = {isa = PBXFileReference; lastKnownFileType = sourcecode.swift; path = Chat.swift; sourceTree = "<group>"; };
		FA4DFE371FBADB8500945B2A /* Message.swift */ = {isa = PBXFileReference; lastKnownFileType = sourcecode.swift; path = Message.swift; sourceTree = "<group>"; };
		FA4DFE3B1FBB198C00945B2A /* User.swift */ = {isa = PBXFileReference; lastKnownFileType = sourcecode.swift; path = User.swift; sourceTree = "<group>"; };
		FA4DFE3D1FBC19D900945B2A /* Buildingblock.swift */ = {isa = PBXFileReference; lastKnownFileType = sourcecode.swift; path = Buildingblock.swift; sourceTree = "<group>"; };
		FA4DFE3F1FBC1AF500945B2A /* Component.swift */ = {isa = PBXFileReference; lastKnownFileType = sourcecode.swift; path = Component.swift; sourceTree = "<group>"; };
		FA4DFE411FBC1B7C00945B2A /* Activity.swift */ = {isa = PBXFileReference; lastKnownFileType = sourcecode.swift; path = Activity.swift; sourceTree = "<group>"; };
		FA4DFE431FBC1C5E00945B2A /* Relative.swift */ = {isa = PBXFileReference; lastKnownFileType = sourcecode.swift; path = Relative.swift; sourceTree = "<group>"; };
		FA4DFE461FBC205100945B2A /* LoginResult.swift */ = {isa = PBXFileReference; lastKnownFileType = sourcecode.swift; path = LoginResult.swift; sourceTree = "<group>"; };
		FA4DFE481FBC33E000945B2A /* EntityModel.swift */ = {isa = PBXFileReference; lastKnownFileType = sourcecode.swift; path = EntityModel.swift; sourceTree = "<group>"; };
		FA528D871FD9642000052647 /* ClientActivityViewController.swift */ = {isa = PBXFileReference; lastKnownFileType = sourcecode.swift; path = ClientActivityViewController.swift; sourceTree = "<group>"; };
		FA528D891FD9693C00052647 /* ClientComponentCollectionViewCell.swift */ = {isa = PBXFileReference; lastKnownFileType = sourcecode.swift; path = ClientComponentCollectionViewCell.swift; sourceTree = "<group>"; };
		FA528D8F1FD98A9700052647 /* ActivityStackViewCell.xib */ = {isa = PBXFileReference; fileEncoding = 4; lastKnownFileType = file.xib; path = ActivityStackViewCell.xib; sourceTree = "<group>"; };
		FA528D971FDB185C00052647 /* ClientTask.swift */ = {isa = PBXFileReference; lastKnownFileType = sourcecode.swift; path = ClientTask.swift; sourceTree = "<group>"; };
		FA528D991FDB1A2100052647 /* Feedback.swift */ = {isa = PBXFileReference; lastKnownFileType = sourcecode.swift; path = Feedback.swift; sourceTree = "<group>"; };
		FA528D9B1FDB1B0C00052647 /* UsefulLinks.swift */ = {isa = PBXFileReference; lastKnownFileType = sourcecode.swift; path = UsefulLinks.swift; sourceTree = "<group>"; };
		FA64A6F11FFE6876005E7BE5 /* ComponentCollectionViewCell.swift */ = {isa = PBXFileReference; lastKnownFileType = sourcecode.swift; path = ComponentCollectionViewCell.swift; sourceTree = "<group>"; };
		FA64A6F71FFFCD45005E7BE5 /* ChooseNewComponentViewController.swift */ = {isa = PBXFileReference; lastKnownFileType = sourcecode.swift; path = ChooseNewComponentViewController.swift; sourceTree = "<group>"; };
		FA7265DB1FC6104200E7FBC4 /* ComponentService.swift */ = {isa = PBXFileReference; lastKnownFileType = sourcecode.swift; path = ComponentService.swift; sourceTree = "<group>"; };
		FA7265DD1FC6CA2D00E7FBC4 /* ActivityService.swift */ = {isa = PBXFileReference; lastKnownFileType = sourcecode.swift; path = ActivityService.swift; sourceTree = "<group>"; };
		FA7265E01FC6ECF800E7FBC4 /* SwiftyJSON.framework */ = {isa = PBXFileReference; explicitFileType = wrapper.framework; path = SwiftyJSON.framework; sourceTree = BUILT_PRODUCTS_DIR; };
		FA73CDEE1FBF2D110077F563 /* HomescreenViewController.swift */ = {isa = PBXFileReference; lastKnownFileType = sourcecode.swift; path = HomescreenViewController.swift; sourceTree = "<group>"; };
		FA7471F91FC722A200D0D9D8 /* ComponentResult.swift */ = {isa = PBXFileReference; lastKnownFileType = sourcecode.swift; path = ComponentResult.swift; sourceTree = "<group>"; };
		FA7471FB1FC722E100D0D9D8 /* ActivityResult.swift */ = {isa = PBXFileReference; lastKnownFileType = sourcecode.swift; path = ActivityResult.swift; sourceTree = "<group>"; };
		FA7471FF1FCC088300D0D9D8 /* ClientComponentViewController.swift */ = {isa = PBXFileReference; lastKnownFileType = sourcecode.swift; path = ClientComponentViewController.swift; sourceTree = "<group>"; };
		FA8306BD1FDE930F00BC225F /* BlockType.swift */ = {isa = PBXFileReference; lastKnownFileType = sourcecode.swift; path = BlockType.swift; sourceTree = "<group>"; };
		FA8306BF1FDE931900BC225F /* Role.swift */ = {isa = PBXFileReference; lastKnownFileType = sourcecode.swift; path = Role.swift; sourceTree = "<group>"; };
		FA8306C11FDE932500BC225F /* TriggerLevel.swift */ = {isa = PBXFileReference; lastKnownFileType = sourcecode.swift; path = TriggerLevel.swift; sourceTree = "<group>"; };
		FA8306C31FDE932F00BC225F /* Status.swift */ = {isa = PBXFileReference; lastKnownFileType = sourcecode.swift; path = Status.swift; sourceTree = "<group>"; };
		FA8306C71FDEC23B00BC225F /* MessageViewController.swift */ = {isa = PBXFileReference; lastKnownFileType = sourcecode.swift; path = MessageViewController.swift; sourceTree = "<group>"; };
		FA8306C91FDEC34200BC225F /* SendingMessageTableViewCell.swift */ = {isa = PBXFileReference; lastKnownFileType = sourcecode.swift; path = SendingMessageTableViewCell.swift; sourceTree = "<group>"; };
		FA9CF8CA200BDB5200A983D7 /* Appointment.swift */ = {isa = PBXFileReference; lastKnownFileType = sourcecode.swift; path = Appointment.swift; sourceTree = "<group>"; };
		FA9CF8CC200BDFD600A983D7 /* AppointmentService.swift */ = {isa = PBXFileReference; lastKnownFileType = sourcecode.swift; path = AppointmentService.swift; sourceTree = "<group>"; };
		FA9CF8CE200BE16200A983D7 /* AppointmentResult.swift */ = {isa = PBXFileReference; lastKnownFileType = sourcecode.swift; path = AppointmentResult.swift; sourceTree = "<group>"; };
		FAA4BB8A1FBF0421006B845D /* Services.swift */ = {isa = PBXFileReference; lastKnownFileType = sourcecode.swift; path = Services.swift; sourceTree = "<group>"; };
		FAB2355E1FB990F60099B29D /* Im Ready!.app */ = {isa = PBXFileReference; explicitFileType = wrapper.application; includeInIndex = 0; path = "Im Ready!.app"; sourceTree = BUILT_PRODUCTS_DIR; };
		FAB235611FB990F60099B29D /* AppDelegate.swift */ = {isa = PBXFileReference; lastKnownFileType = sourcecode.swift; path = AppDelegate.swift; sourceTree = "<group>"; };
		FAB235661FB990F60099B29D /* Base */ = {isa = PBXFileReference; lastKnownFileType = file.storyboard; name = Base; path = Base.lproj/Client.storyboard; sourceTree = "<group>"; };
		FAB235691FB990F60099B29D /* Im_Ready_.xcdatamodel */ = {isa = PBXFileReference; lastKnownFileType = wrapper.xcdatamodel; path = Im_Ready_.xcdatamodel; sourceTree = "<group>"; };
		FAB2356B1FB990F60099B29D /* Assets.xcassets */ = {isa = PBXFileReference; lastKnownFileType = folder.assetcatalog; path = Assets.xcassets; sourceTree = "<group>"; };
		FAB2356E1FB990F60099B29D /* Base */ = {isa = PBXFileReference; lastKnownFileType = file.storyboard; name = Base; path = Base.lproj/LaunchScreen.storyboard; sourceTree = "<group>"; };
		FAB235701FB990F60099B29D /* Info.plist */ = {isa = PBXFileReference; lastKnownFileType = text.plist.xml; path = Info.plist; sourceTree = "<group>"; };
		FAB235751FB990F60099B29D /* Im Ready!Tests.xctest */ = {isa = PBXFileReference; explicitFileType = wrapper.cfbundle; includeInIndex = 0; path = "Im Ready!Tests.xctest"; sourceTree = BUILT_PRODUCTS_DIR; };
		FAB235791FB990F60099B29D /* Im_Ready_Tests.swift */ = {isa = PBXFileReference; lastKnownFileType = sourcecode.swift; path = Im_Ready_Tests.swift; sourceTree = "<group>"; };
		FAB2357B1FB990F60099B29D /* Info.plist */ = {isa = PBXFileReference; lastKnownFileType = text.plist.xml; path = Info.plist; sourceTree = "<group>"; };
		FAB235801FB990F60099B29D /* Im Ready!UITests.xctest */ = {isa = PBXFileReference; explicitFileType = wrapper.cfbundle; includeInIndex = 0; path = "Im Ready!UITests.xctest"; sourceTree = BUILT_PRODUCTS_DIR; };
		FAB235841FB990F60099B29D /* Im_Ready_UITests.swift */ = {isa = PBXFileReference; lastKnownFileType = sourcecode.swift; path = Im_Ready_UITests.swift; sourceTree = "<group>"; };
		FAB235861FB990F60099B29D /* Info.plist */ = {isa = PBXFileReference; lastKnownFileType = text.plist.xml; path = Info.plist; sourceTree = "<group>"; };
		FAB235931FB994380099B29D /* Roboto */ = {isa = PBXFileReference; lastKnownFileType = folder; path = Roboto; sourceTree = "<group>"; };
		FAB2359B1FB99A970099B29D /* Client.swift */ = {isa = PBXFileReference; lastKnownFileType = sourcecode.swift; path = Client.swift; sourceTree = "<group>"; };
		FAB2359D1FB99AA70099B29D /* Caregiver.swift */ = {isa = PBXFileReference; lastKnownFileType = sourcecode.swift; path = Caregiver.swift; sourceTree = "<group>"; };
		FAB235A11FB99B720099B29D /* LoginViewController.swift */ = {isa = PBXFileReference; lastKnownFileType = sourcecode.swift; path = LoginViewController.swift; sourceTree = "<group>"; };
		FABDBDAD1FE16D160023DDCE /* Im Ready!.entitlements */ = {isa = PBXFileReference; lastKnownFileType = text.plist.entitlements; path = "Im Ready!.entitlements"; sourceTree = "<group>"; };
		FADAB4481FBDE0C00069E290 /* Caregiver.storyboard */ = {isa = PBXFileReference; lastKnownFileType = file.storyboard; path = Caregiver.storyboard; sourceTree = "<group>"; };
		FADAB44F1FBDEFAF0069E290 /* ApiClient.swift */ = {isa = PBXFileReference; lastKnownFileType = sourcecode.swift; path = ApiClient.swift; sourceTree = "<group>"; };
		FADAB4521FBDF0350069E290 /* AuthenticationService.swift */ = {isa = PBXFileReference; lastKnownFileType = sourcecode.swift; path = AuthenticationService.swift; sourceTree = "<group>"; };
		FADAB4561FBDF2D60069E290 /* ClientService.swift */ = {isa = PBXFileReference; lastKnownFileType = sourcecode.swift; path = ClientService.swift; sourceTree = "<group>"; };
		FADAB4581FBECEAC0069E290 /* Extensions.swift */ = {isa = PBXFileReference; lastKnownFileType = sourcecode.swift; path = Extensions.swift; sourceTree = "<group>"; };
		FADAB45A1FBECF710069E290 /* BuildingblockCell.swift */ = {isa = PBXFileReference; lastKnownFileType = sourcecode.swift; path = BuildingblockCell.swift; sourceTree = "<group>"; };
		FADB8FCB1FE003A300EECB8B /* MessageService.swift */ = {isa = PBXFileReference; lastKnownFileType = sourcecode.swift; path = MessageService.swift; sourceTree = "<group>"; };
		FADB8FCD1FE006CE00EECB8B /* UserService.swift */ = {isa = PBXFileReference; lastKnownFileType = sourcecode.swift; path = UserService.swift; sourceTree = "<group>"; };
		FADB8FCF1FE02AC600EECB8B /* IncomingMessageTableViewCell.swift */ = {isa = PBXFileReference; lastKnownFileType = sourcecode.swift; path = IncomingMessageTableViewCell.swift; sourceTree = "<group>"; };
		FADB8FD11FE1514300EECB8B /* CurrentUser.swift */ = {isa = PBXFileReference; lastKnownFileType = sourcecode.swift; path = CurrentUser.swift; sourceTree = "<group>"; };
		FAF1561E1FE9319400C6B9C2 /* ActivityIndicator.swift */ = {isa = PBXFileReference; lastKnownFileType = sourcecode.swift; path = ActivityIndicator.swift; sourceTree = "<group>"; };
		FAF467381FEAC18500D8DB43 /* AddNewBuildingblock.swift */ = {isa = PBXFileReference; lastKnownFileType = sourcecode.swift; path = AddNewBuildingblock.swift; sourceTree = "<group>"; };
		FAF4673A1FEAF41900D8DB43 /* AddBuildingblockCollectionViewCell.swift */ = {isa = PBXFileReference; lastKnownFileType = sourcecode.swift; path = AddBuildingblockCollectionViewCell.swift; sourceTree = "<group>"; };
		FAF4A1AF1FE416FE001C0D86 /* InternetConnection.swift */ = {isa = PBXFileReference; lastKnownFileType = sourcecode.swift; path = InternetConnection.swift; sourceTree = "<group>"; };
/* End PBXFileReference section */

/* Begin PBXFrameworksBuildPhase section */
		FAB2355B1FB990F60099B29D /* Frameworks */ = {
			isa = PBXFrameworksBuildPhase;
			buildActionMask = 2147483647;
			files = (
				FA36BE941FE170060044EEB6 /* LocalAuthentication.framework in Frameworks */,
				FA7265DF1FC6ECF800E7FBC4 /* SwiftyJSON.framework in Frameworks */,
				0B9EDB0E1E2C7325F25D6954 /* Pods_Im_Ready_.framework in Frameworks */,
			);
			runOnlyForDeploymentPostprocessing = 0;
		};
		FAB235721FB990F60099B29D /* Frameworks */ = {
			isa = PBXFrameworksBuildPhase;
			buildActionMask = 2147483647;
			files = (
				55B7494C0208B9E357CA77AF /* Pods_Im_Ready_Tests.framework in Frameworks */,
			);
			runOnlyForDeploymentPostprocessing = 0;
		};
		FAB2357D1FB990F60099B29D /* Frameworks */ = {
			isa = PBXFrameworksBuildPhase;
			buildActionMask = 2147483647;
			files = (
				E398416CB00FC82F09388693 /* Pods_Im_Ready_UITests.framework in Frameworks */,
			);
			runOnlyForDeploymentPostprocessing = 0;
		};
/* End PBXFrameworksBuildPhase section */

/* Begin PBXGroup section */
		CE0299059FED82A9A3A0FBB4 /* Frameworks */ = {
			isa = PBXGroup;
			children = (
				FA36BE931FE170060044EEB6 /* LocalAuthentication.framework */,
				FA7265E01FC6ECF800E7FBC4 /* SwiftyJSON.framework */,
				AF19877FEB36B0C64EB9B20D /* Pods_Im_Ready_.framework */,
				0BD69AA0C458F2E755C56A2A /* Pods_Im_Ready_Tests.framework */,
				B5FDBBBA72EC5EA82C1D167F /* Pods_Im_Ready_UITests.framework */,
			);
			name = Frameworks;
			sourceTree = "<group>";
		};
		D17CD5A6DE43738AE6A1E826 /* Pods */ = {
			isa = PBXGroup;
			children = (
				74133F7968F33C1006A5B301 /* Pods-Im Ready!.debug.xcconfig */,
				59707C614206F5C8B8CD852E /* Pods-Im Ready!.release.xcconfig */,
				EA22577E3139BDD4A7B335DE /* Pods-Im Ready!Tests.debug.xcconfig */,
				6BECBDC8E2921F4D4873CE03 /* Pods-Im Ready!Tests.release.xcconfig */,
				A4401D549EE167C2C61F36A6 /* Pods-Im Ready!UITests.debug.xcconfig */,
				C218B82C4D603095F850F4D3 /* Pods-Im Ready!UITests.release.xcconfig */,
			);
			name = Pods;
			sourceTree = "<group>";
		};
		FA4DFE451FBC204700945B2A /* Models */ = {
			isa = PBXGroup;
			children = (
				FA4DFE461FBC205100945B2A /* LoginResult.swift */,
				FA4B87451FC307FD008CB427 /* BuildingblockResult.swift */,
				FA7471F91FC722A200D0D9D8 /* ComponentResult.swift */,
				FA7471FB1FC722E100D0D9D8 /* ActivityResult.swift */,
				FA3CB4051FD5D2CB00142CCF /* MessageResult.swift */,
				FA35EFB81FE802F1000C9B76 /* FutureplanResult.swift */,
				FA9CF8CE200BE16200A983D7 /* AppointmentResult.swift */,
			);
			path = Models;
			sourceTree = "<group>";
		};
		FA528D9F1FDC3B8300052647 /* Users */ = {
			isa = PBXGroup;
			children = (
				FA4DFE3B1FBB198C00945B2A /* User.swift */,
				FAB2359B1FB99A970099B29D /* Client.swift */,
				FAB2359D1FB99AA70099B29D /* Caregiver.swift */,
				FA4DFE431FBC1C5E00945B2A /* Relative.swift */,
				FADB8FD11FE1514300EECB8B /* CurrentUser.swift */,
			);
			path = Users;
			sourceTree = "<group>";
		};
		FA8306BC1FDE92FF00BC225F /* Enums */ = {
			isa = PBXGroup;
			children = (
				FA8306C31FDE932F00BC225F /* Status.swift */,
				FA8306C11FDE932500BC225F /* TriggerLevel.swift */,
				FA8306BD1FDE930F00BC225F /* BlockType.swift */,
				FA8306BF1FDE931900BC225F /* Role.swift */,
			);
			path = Enums;
			sourceTree = "<group>";
		};
		FAA7B9601FBD9CC700134C5B /* Helpers */ = {
			isa = PBXGroup;
			children = (
				FAF4A1AF1FE416FE001C0D86 /* InternetConnection.swift */,
				FAF1561E1FE9319400C6B9C2 /* ActivityIndicator.swift */,
				FA4B72611FF5015B00949FF6 /* Alerts.swift */,
			);
			path = Helpers;
			sourceTree = "<group>";
		};
		FAA7B9631FBDA97C00134C5B /* Extensions */ = {
			isa = PBXGroup;
			children = (
				FADAB4581FBECEAC0069E290 /* Extensions.swift */,
				FA4B87491FC31461008CB427 /* UIViewControllerExtension.swift */,
			);
			path = Extensions;
			sourceTree = "<group>";
		};
		FAB235551FB990F50099B29D = {
			isa = PBXGroup;
			children = (
				FAB235601FB990F60099B29D /* Im Ready! */,
				FAB2356D1FB990F60099B29D /* LaunchScreen.storyboard */,
				FAB235781FB990F60099B29D /* Im Ready!Tests */,
				FAB235831FB990F60099B29D /* Im Ready!UITests */,
				FAB2355F1FB990F60099B29D /* Products */,
				D17CD5A6DE43738AE6A1E826 /* Pods */,
				CE0299059FED82A9A3A0FBB4 /* Frameworks */,
			);
			sourceTree = "<group>";
		};
		FAB2355F1FB990F60099B29D /* Products */ = {
			isa = PBXGroup;
			children = (
				FAB2355E1FB990F60099B29D /* Im Ready!.app */,
				FAB235751FB990F60099B29D /* Im Ready!Tests.xctest */,
				FAB235801FB990F60099B29D /* Im Ready!UITests.xctest */,
			);
			name = Products;
			sourceTree = "<group>";
		};
		FAB235601FB990F60099B29D /* Im Ready! */ = {
			isa = PBXGroup;
			children = (
				FABDBDAD1FE16D160023DDCE /* Im Ready!.entitlements */,
				FADAB4511FBDF01A0069E290 /* Rest */,
				FAA7B9631FBDA97C00134C5B /* Extensions */,
				FAA7B9601FBD9CC700134C5B /* Helpers */,
				FAB2359A1FB99A210099B29D /* Models */,
				FAB235991FB99A190099B29D /* Controllers */,
				FAB235981FB999F40099B29D /* Views */,
				FAB235921FB993BC0099B29D /* Fonts */,
				FAB235611FB990F60099B29D /* AppDelegate.swift */,
				FAB2356B1FB990F60099B29D /* Assets.xcassets */,
				FAB235701FB990F60099B29D /* Info.plist */,
				FAB235681FB990F60099B29D /* Im_Ready_.xcdatamodeld */,
				FA03F477200D28DF00322435 /* Settings.bundle */,
			);
			path = "Im Ready!";
			sourceTree = "<group>";
		};
		FAB235781FB990F60099B29D /* Im Ready!Tests */ = {
			isa = PBXGroup;
			children = (
				FAB235791FB990F60099B29D /* Im_Ready_Tests.swift */,
				FAB2357B1FB990F60099B29D /* Info.plist */,
			);
			path = "Im Ready!Tests";
			sourceTree = "<group>";
		};
		FAB235831FB990F60099B29D /* Im Ready!UITests */ = {
			isa = PBXGroup;
			children = (
				FAB235841FB990F60099B29D /* Im_Ready_UITests.swift */,
				FAB235861FB990F60099B29D /* Info.plist */,
			);
			path = "Im Ready!UITests";
			sourceTree = "<group>";
		};
		FAB235921FB993BC0099B29D /* Fonts */ = {
			isa = PBXGroup;
			children = (
				FAB235931FB994380099B29D /* Roboto */,
			);
			path = Fonts;
			sourceTree = "<group>";
		};
		FAB235981FB999F40099B29D /* Views */ = {
			isa = PBXGroup;
			children = (
				FA528D8F1FD98A9700052647 /* ActivityStackViewCell.xib */,
				FAB235651FB990F60099B29D /* Client.storyboard */,
				FADAB4481FBDE0C00069E290 /* Caregiver.storyboard */,
			);
			path = Views;
			sourceTree = "<group>";
		};
		FAB235991FB99A190099B29D /* Controllers */ = {
			isa = PBXGroup;
			children = (
				FAC6D25A200D34F7009AB5E9 /* Login */,
				FAC6D259200D34DB009AB5E9 /* Client flow */,
				FAC6D257200D344C009AB5E9 /* Calendar */,
				FAC6D256200D3429009AB5E9 /* Chats */,
				FAC6D252200D3058009AB5E9 /* Add new Component */,
			);
			name = Controllers;
			path = ViewControllers;
			sourceTree = "<group>";
		};
		FAB2359A1FB99A210099B29D /* Models */ = {
			isa = PBXGroup;
			children = (
				FA8306BC1FDE92FF00BC225F /* Enums */,
				FA528D9F1FDC3B8300052647 /* Users */,
				FA4DFE481FBC33E000945B2A /* EntityModel.swift */,
				FA4DFE3D1FBC19D900945B2A /* Buildingblock.swift */,
				FA4DFE3F1FBC1AF500945B2A /* Component.swift */,
				FA4DFE411FBC1B7C00945B2A /* Activity.swift */,
				FA35EFBA1FE85E49000C9B76 /* ClientBuildingblock.swift */,
				FA35EFBC1FE85E86000C9B76 /* ClientComponent.swift */,
				FA35EFBE1FE85F21000C9B76 /* ClientActivity.swift */,
				FA528D971FDB185C00052647 /* ClientTask.swift */,
				FA4DFE351FBADB7700945B2A /* Chat.swift */,
				FA4DFE371FBADB8500945B2A /* Message.swift */,
				FA528D991FDB1A2100052647 /* Feedback.swift */,
				FA528D9B1FDB1B0C00052647 /* UsefulLinks.swift */,
				FAF467381FEAC18500D8DB43 /* AddNewBuildingblock.swift */,
				FA9CF8CA200BDB5200A983D7 /* Appointment.swift */,
			);
			path = Models;
			sourceTree = "<group>";
		};
		FAC6D252200D3058009AB5E9 /* Add new Component */ = {
			isa = PBXGroup;
			children = (
				FAF4673A1FEAF41900D8DB43 /* AddBuildingblockCollectionViewCell.swift */,
				FA4B725F1FF4F7CE00949FF6 /* ChooseNewBuildingblockViewController.swift */,
				FA4B72651FF53D7E00949FF6 /* BuildingblockCollectionViewCell.swift */,
				FA64A6F71FFFCD45005E7BE5 /* ChooseNewComponentViewController.swift */,
				FA64A6F11FFE6876005E7BE5 /* ComponentCollectionViewCell.swift */,
			);
			name = "Add new Component";
			sourceTree = "<group>";
		};
		FAC6D256200D3429009AB5E9 /* Chats */ = {
			isa = PBXGroup;
			children = (
				FA3CB3FE1FD56F3200142CCF /* ChatViewController.swift */,
				FA8306C71FDEC23B00BC225F /* MessageViewController.swift */,
				FA3CB4011FD57AD100142CCF /* ChatCollectionViewCell.swift */,
				FA8306C91FDEC34200BC225F /* SendingMessageTableViewCell.swift */,
				FADB8FCF1FE02AC600EECB8B /* IncomingMessageTableViewCell.swift */,
			);
			name = Chats;
			sourceTree = "<group>";
		};
		FAC6D257200D344C009AB5E9 /* Calendar */ = {
			isa = PBXGroup;
			children = (
				FA4BC4F9200BB5D40011D158 /* CalendarViewController.swift */,
				FA03F475200D03D700322435 /* CalendarDetailViewController.swift */,
				FA4BC4FB200BB8B90011D158 /* CalendarTableViewCell.swift */,
			);
			name = Calendar;
			sourceTree = "<group>";
		};
		FAC6D259200D34DB009AB5E9 /* Client flow */ = {
			isa = PBXGroup;
			children = (
				FA73CDEE1FBF2D110077F563 /* HomescreenViewController.swift */,
				FA7471FF1FCC088300D0D9D8 /* ClientComponentViewController.swift */,
				FA528D871FD9642000052647 /* ClientActivityViewController.swift */,
				FADAB45A1FBECF710069E290 /* BuildingblockCell.swift */,
				FA528D891FD9693C00052647 /* ClientComponentCollectionViewCell.swift */,
				FA3383ED1FD05C6C00847C05 /* ClientActivityStackViewCell.swift */,
			);
			name = "Client flow";
			sourceTree = "<group>";
		};
		FAC6D25A200D34F7009AB5E9 /* Login */ = {
			isa = PBXGroup;
			children = (
				FAB235A11FB99B720099B29D /* LoginViewController.swift */,
			);
			name = Login;
			sourceTree = "<group>";
		};
		FADAB44C1FBDEF610069E290 /* Services */ = {
			isa = PBXGroup;
			children = (
				FAA4BB8A1FBF0421006B845D /* Services.swift */,
				FADAB4521FBDF0350069E290 /* AuthenticationService.swift */,
				FADAB4561FBDF2D60069E290 /* ClientService.swift */,
				FA4B87471FC3091D008CB427 /* BuildingblockService.swift */,
				FA7265DB1FC6104200E7FBC4 /* ComponentService.swift */,
				FA7265DD1FC6CA2D00E7FBC4 /* ActivityService.swift */,
				FA3CB4031FD5D22400142CCF /* ChatsService.swift */,
				FADB8FCB1FE003A300EECB8B /* MessageService.swift */,
				FADB8FCD1FE006CE00EECB8B /* UserService.swift */,
				FA9CF8CC200BDFD600A983D7 /* AppointmentService.swift */,
			);
			path = Services;
			sourceTree = "<group>";
		};
		FADAB4511FBDF01A0069E290 /* Rest */ = {
			isa = PBXGroup;
			children = (
				FADAB44F1FBDEFAF0069E290 /* ApiClient.swift */,
				FA4DFE451FBC204700945B2A /* Models */,
				FADAB44C1FBDEF610069E290 /* Services */,
			);
			path = Rest;
			sourceTree = "<group>";
		};
/* End PBXGroup section */

/* Begin PBXNativeTarget section */
		FAB2355D1FB990F60099B29D /* Im Ready! */ = {
			isa = PBXNativeTarget;
			buildConfigurationList = FAB235891FB990F60099B29D /* Build configuration list for PBXNativeTarget "Im Ready!" */;
			buildPhases = (
				1075BED97D468B4B3D4DBDA1 /* [CP] Check Pods Manifest.lock */,
				FAB2355A1FB990F60099B29D /* Sources */,
				FAB2355B1FB990F60099B29D /* Frameworks */,
				FAB2355C1FB990F60099B29D /* Resources */,
				3E6C62A5C0C7321182156722 /* [CP] Embed Pods Frameworks */,
				193CE2F4A216EAA8213BA0A0 /* [CP] Copy Pods Resources */,
				FAEA7C60200BD66200337E3B /* Embed Frameworks */,
			);
			buildRules = (
			);
			dependencies = (
			);
			name = "Im Ready!";
			productName = "Im Ready!";
			productReference = FAB2355E1FB990F60099B29D /* Im Ready!.app */;
			productType = "com.apple.product-type.application";
		};
		FAB235741FB990F60099B29D /* Im Ready!Tests */ = {
			isa = PBXNativeTarget;
			buildConfigurationList = FAB2358C1FB990F60099B29D /* Build configuration list for PBXNativeTarget "Im Ready!Tests" */;
			buildPhases = (
				15267A52D888BD445E8E97A7 /* [CP] Check Pods Manifest.lock */,
				FAB235711FB990F60099B29D /* Sources */,
				FAB235721FB990F60099B29D /* Frameworks */,
				FAB235731FB990F60099B29D /* Resources */,
				9F43C9D87B6E0D41D8DAE927 /* [CP] Embed Pods Frameworks */,
				AA8D07337AFACC5B8B247505 /* [CP] Copy Pods Resources */,
			);
			buildRules = (
			);
			dependencies = (
				FAB235771FB990F60099B29D /* PBXTargetDependency */,
			);
			name = "Im Ready!Tests";
			productName = "Im Ready!Tests";
			productReference = FAB235751FB990F60099B29D /* Im Ready!Tests.xctest */;
			productType = "com.apple.product-type.bundle.unit-test";
		};
		FAB2357F1FB990F60099B29D /* Im Ready!UITests */ = {
			isa = PBXNativeTarget;
			buildConfigurationList = FAB2358F1FB990F60099B29D /* Build configuration list for PBXNativeTarget "Im Ready!UITests" */;
			buildPhases = (
				57958199F4323E457A5BB41D /* [CP] Check Pods Manifest.lock */,
				FAB2357C1FB990F60099B29D /* Sources */,
				FAB2357D1FB990F60099B29D /* Frameworks */,
				FAB2357E1FB990F60099B29D /* Resources */,
				CA55C5EDB77EFE05D5C3A519 /* [CP] Embed Pods Frameworks */,
				848A4503FC1ACF686F02AF39 /* [CP] Copy Pods Resources */,
			);
			buildRules = (
			);
			dependencies = (
				FAB235821FB990F60099B29D /* PBXTargetDependency */,
			);
			name = "Im Ready!UITests";
			productName = "Im Ready!UITests";
			productReference = FAB235801FB990F60099B29D /* Im Ready!UITests.xctest */;
			productType = "com.apple.product-type.bundle.ui-testing";
		};
/* End PBXNativeTarget section */

/* Begin PBXProject section */
		FAB235561FB990F50099B29D /* Project object */ = {
			isa = PBXProject;
			attributes = {
				LastSwiftUpdateCheck = 0910;
				LastUpgradeCheck = 0910;
				ORGANIZATIONNAME = "Wouter Vermeij";
				TargetAttributes = {
					FAB2355D1FB990F60099B29D = {
						CreatedOnToolsVersion = 9.1;
						ProvisioningStyle = Automatic;
						SystemCapabilities = {
							com.apple.Keychain = {
								enabled = 1;
							};
						};
					};
					FAB235741FB990F60099B29D = {
						CreatedOnToolsVersion = 9.1;
						ProvisioningStyle = Automatic;
						TestTargetID = FAB2355D1FB990F60099B29D;
					};
					FAB2357F1FB990F60099B29D = {
						CreatedOnToolsVersion = 9.1;
						ProvisioningStyle = Automatic;
						TestTargetID = FAB2355D1FB990F60099B29D;
					};
				};
			};
			buildConfigurationList = FAB235591FB990F50099B29D /* Build configuration list for PBXProject "Im Ready!" */;
			compatibilityVersion = "Xcode 8.0";
			developmentRegion = en;
			hasScannedForEncodings = 0;
			knownRegions = (
				en,
				Base,
			);
			mainGroup = FAB235551FB990F50099B29D;
			productRefGroup = FAB2355F1FB990F60099B29D /* Products */;
			projectDirPath = "";
			projectRoot = "";
			targets = (
				FAB2355D1FB990F60099B29D /* Im Ready! */,
				FAB235741FB990F60099B29D /* Im Ready!Tests */,
				FAB2357F1FB990F60099B29D /* Im Ready!UITests */,
			);
		};
/* End PBXProject section */

/* Begin PBXResourcesBuildPhase section */
		FAB2355C1FB990F60099B29D /* Resources */ = {
			isa = PBXResourcesBuildPhase;
			buildActionMask = 2147483647;
			files = (
				FA03F478200D28DF00322435 /* Settings.bundle in Resources */,
				FAB2356F1FB990F60099B29D /* LaunchScreen.storyboard in Resources */,
				FADAB4491FBDE0C00069E290 /* Caregiver.storyboard in Resources */,
				FAB2356C1FB990F60099B29D /* Assets.xcassets in Resources */,
				FAB235671FB990F60099B29D /* Client.storyboard in Resources */,
				FAB235961FB9960E0099B29D /* Info.plist in Resources */,
				FAB235941FB994380099B29D /* Roboto in Resources */,
				FA528D901FD98A9700052647 /* ActivityStackViewCell.xib in Resources */,
			);
			runOnlyForDeploymentPostprocessing = 0;
		};
		FAB235731FB990F60099B29D /* Resources */ = {
			isa = PBXResourcesBuildPhase;
			buildActionMask = 2147483647;
			files = (
			);
			runOnlyForDeploymentPostprocessing = 0;
		};
		FAB2357E1FB990F60099B29D /* Resources */ = {
			isa = PBXResourcesBuildPhase;
			buildActionMask = 2147483647;
			files = (
			);
			runOnlyForDeploymentPostprocessing = 0;
		};
/* End PBXResourcesBuildPhase section */

/* Begin PBXShellScriptBuildPhase section */
		1075BED97D468B4B3D4DBDA1 /* [CP] Check Pods Manifest.lock */ = {
			isa = PBXShellScriptBuildPhase;
			buildActionMask = 2147483647;
			files = (
			);
			inputPaths = (
				"${PODS_PODFILE_DIR_PATH}/Podfile.lock",
				"${PODS_ROOT}/Manifest.lock",
			);
			name = "[CP] Check Pods Manifest.lock";
			outputPaths = (
				"$(DERIVED_FILE_DIR)/Pods-Im Ready!-checkManifestLockResult.txt",
			);
			runOnlyForDeploymentPostprocessing = 0;
			shellPath = /bin/sh;
			shellScript = "diff \"${PODS_PODFILE_DIR_PATH}/Podfile.lock\" \"${PODS_ROOT}/Manifest.lock\" > /dev/null\nif [ $? != 0 ] ; then\n    # print error to STDERR\n    echo \"error: The sandbox is not in sync with the Podfile.lock. Run 'pod install' or update your CocoaPods installation.\" >&2\n    exit 1\nfi\n# This output is used by Xcode 'outputs' to avoid re-running this script phase.\necho \"SUCCESS\" > \"${SCRIPT_OUTPUT_FILE_0}\"\n";
			showEnvVarsInLog = 0;
		};
		15267A52D888BD445E8E97A7 /* [CP] Check Pods Manifest.lock */ = {
			isa = PBXShellScriptBuildPhase;
			buildActionMask = 2147483647;
			files = (
			);
			inputPaths = (
				"${PODS_PODFILE_DIR_PATH}/Podfile.lock",
				"${PODS_ROOT}/Manifest.lock",
			);
			name = "[CP] Check Pods Manifest.lock";
			outputPaths = (
				"$(DERIVED_FILE_DIR)/Pods-Im Ready!Tests-checkManifestLockResult.txt",
			);
			runOnlyForDeploymentPostprocessing = 0;
			shellPath = /bin/sh;
			shellScript = "diff \"${PODS_PODFILE_DIR_PATH}/Podfile.lock\" \"${PODS_ROOT}/Manifest.lock\" > /dev/null\nif [ $? != 0 ] ; then\n    # print error to STDERR\n    echo \"error: The sandbox is not in sync with the Podfile.lock. Run 'pod install' or update your CocoaPods installation.\" >&2\n    exit 1\nfi\n# This output is used by Xcode 'outputs' to avoid re-running this script phase.\necho \"SUCCESS\" > \"${SCRIPT_OUTPUT_FILE_0}\"\n";
			showEnvVarsInLog = 0;
		};
		193CE2F4A216EAA8213BA0A0 /* [CP] Copy Pods Resources */ = {
			isa = PBXShellScriptBuildPhase;
			buildActionMask = 2147483647;
			files = (
			);
			inputPaths = (
			);
			name = "[CP] Copy Pods Resources";
			outputPaths = (
			);
			runOnlyForDeploymentPostprocessing = 0;
			shellPath = /bin/sh;
			shellScript = "\"${SRCROOT}/Pods/Target Support Files/Pods-Im Ready!/Pods-Im Ready!-resources.sh\"\n";
			showEnvVarsInLog = 0;
		};
		3E6C62A5C0C7321182156722 /* [CP] Embed Pods Frameworks */ = {
			isa = PBXShellScriptBuildPhase;
			buildActionMask = 2147483647;
			files = (
			);
			inputPaths = (
				"${SRCROOT}/Pods/Target Support Files/Pods-Im Ready!/Pods-Im Ready!-frameworks.sh",
				"${BUILT_PRODUCTS_DIR}/Alamofire/Alamofire.framework",
				"${BUILT_PRODUCTS_DIR}/Alamofire-SwiftyJSON/Alamofire_SwiftyJSON.framework",
				"${BUILT_PRODUCTS_DIR}/AlamofireImage/AlamofireImage.framework",
				"${BUILT_PRODUCTS_DIR}/ChameleonFramework/ChameleonFramework.framework",
				"${BUILT_PRODUCTS_DIR}/CryptoSwift/CryptoSwift.framework",
				"${BUILT_PRODUCTS_DIR}/DZNEmptyDataSet/DZNEmptyDataSet.framework",
				"${BUILT_PRODUCTS_DIR}/FSCalendar/FSCalendar.framework",
				"${BUILT_PRODUCTS_DIR}/FontAwesomeIconFactory/FontAwesomeIconFactory.framework",
				"${BUILT_PRODUCTS_DIR}/FontBlaster/FontBlaster.framework",
				"${BUILT_PRODUCTS_DIR}/Locksmith/Locksmith.framework",
				"${BUILT_PRODUCTS_DIR}/MGSwipeTableCell/MGSwipeTableCell.framework",
				"${BUILT_PRODUCTS_DIR}/REFormattedNumberField/REFormattedNumberField.framework",
				"${BUILT_PRODUCTS_DIR}/RETableViewManager/RETableViewManager.framework",
				"${BUILT_PRODUCTS_DIR}/REValidation/REValidation.framework",
				"${BUILT_PRODUCTS_DIR}/SwiftyJSON/SwiftyJSON.framework",
				"${BUILT_PRODUCTS_DIR}/TextFieldEffects/TextFieldEffects.framework",
				"${BUILT_PRODUCTS_DIR}/Timepiece/Timepiece.framework",
			);
			name = "[CP] Embed Pods Frameworks";
			outputPaths = (
				"${TARGET_BUILD_DIR}/${FRAMEWORKS_FOLDER_PATH}/Alamofire.framework",
				"${TARGET_BUILD_DIR}/${FRAMEWORKS_FOLDER_PATH}/Alamofire_SwiftyJSON.framework",
				"${TARGET_BUILD_DIR}/${FRAMEWORKS_FOLDER_PATH}/AlamofireImage.framework",
				"${TARGET_BUILD_DIR}/${FRAMEWORKS_FOLDER_PATH}/ChameleonFramework.framework",
				"${TARGET_BUILD_DIR}/${FRAMEWORKS_FOLDER_PATH}/CryptoSwift.framework",
				"${TARGET_BUILD_DIR}/${FRAMEWORKS_FOLDER_PATH}/DZNEmptyDataSet.framework",
				"${TARGET_BUILD_DIR}/${FRAMEWORKS_FOLDER_PATH}/FSCalendar.framework",
				"${TARGET_BUILD_DIR}/${FRAMEWORKS_FOLDER_PATH}/FontAwesomeIconFactory.framework",
				"${TARGET_BUILD_DIR}/${FRAMEWORKS_FOLDER_PATH}/FontBlaster.framework",
				"${TARGET_BUILD_DIR}/${FRAMEWORKS_FOLDER_PATH}/Locksmith.framework",
				"${TARGET_BUILD_DIR}/${FRAMEWORKS_FOLDER_PATH}/MGSwipeTableCell.framework",
				"${TARGET_BUILD_DIR}/${FRAMEWORKS_FOLDER_PATH}/REFormattedNumberField.framework",
				"${TARGET_BUILD_DIR}/${FRAMEWORKS_FOLDER_PATH}/RETableViewManager.framework",
				"${TARGET_BUILD_DIR}/${FRAMEWORKS_FOLDER_PATH}/REValidation.framework",
				"${TARGET_BUILD_DIR}/${FRAMEWORKS_FOLDER_PATH}/SwiftyJSON.framework",
				"${TARGET_BUILD_DIR}/${FRAMEWORKS_FOLDER_PATH}/TextFieldEffects.framework",
				"${TARGET_BUILD_DIR}/${FRAMEWORKS_FOLDER_PATH}/Timepiece.framework",
			);
			runOnlyForDeploymentPostprocessing = 0;
			shellPath = /bin/sh;
			shellScript = "\"${SRCROOT}/Pods/Target Support Files/Pods-Im Ready!/Pods-Im Ready!-frameworks.sh\"\n";
			showEnvVarsInLog = 0;
		};
		57958199F4323E457A5BB41D /* [CP] Check Pods Manifest.lock */ = {
			isa = PBXShellScriptBuildPhase;
			buildActionMask = 2147483647;
			files = (
			);
			inputPaths = (
				"${PODS_PODFILE_DIR_PATH}/Podfile.lock",
				"${PODS_ROOT}/Manifest.lock",
			);
			name = "[CP] Check Pods Manifest.lock";
			outputPaths = (
				"$(DERIVED_FILE_DIR)/Pods-Im Ready!UITests-checkManifestLockResult.txt",
			);
			runOnlyForDeploymentPostprocessing = 0;
			shellPath = /bin/sh;
			shellScript = "diff \"${PODS_PODFILE_DIR_PATH}/Podfile.lock\" \"${PODS_ROOT}/Manifest.lock\" > /dev/null\nif [ $? != 0 ] ; then\n    # print error to STDERR\n    echo \"error: The sandbox is not in sync with the Podfile.lock. Run 'pod install' or update your CocoaPods installation.\" >&2\n    exit 1\nfi\n# This output is used by Xcode 'outputs' to avoid re-running this script phase.\necho \"SUCCESS\" > \"${SCRIPT_OUTPUT_FILE_0}\"\n";
			showEnvVarsInLog = 0;
		};
		848A4503FC1ACF686F02AF39 /* [CP] Copy Pods Resources */ = {
			isa = PBXShellScriptBuildPhase;
			buildActionMask = 2147483647;
			files = (
			);
			inputPaths = (
			);
			name = "[CP] Copy Pods Resources";
			outputPaths = (
			);
			runOnlyForDeploymentPostprocessing = 0;
			shellPath = /bin/sh;
			shellScript = "\"${SRCROOT}/Pods/Target Support Files/Pods-Im Ready!UITests/Pods-Im Ready!UITests-resources.sh\"\n";
			showEnvVarsInLog = 0;
		};
		9F43C9D87B6E0D41D8DAE927 /* [CP] Embed Pods Frameworks */ = {
			isa = PBXShellScriptBuildPhase;
			buildActionMask = 2147483647;
			files = (
			);
			inputPaths = (
			);
			name = "[CP] Embed Pods Frameworks";
			outputPaths = (
			);
			runOnlyForDeploymentPostprocessing = 0;
			shellPath = /bin/sh;
			shellScript = "\"${SRCROOT}/Pods/Target Support Files/Pods-Im Ready!Tests/Pods-Im Ready!Tests-frameworks.sh\"\n";
			showEnvVarsInLog = 0;
		};
		AA8D07337AFACC5B8B247505 /* [CP] Copy Pods Resources */ = {
			isa = PBXShellScriptBuildPhase;
			buildActionMask = 2147483647;
			files = (
			);
			inputPaths = (
			);
			name = "[CP] Copy Pods Resources";
			outputPaths = (
			);
			runOnlyForDeploymentPostprocessing = 0;
			shellPath = /bin/sh;
			shellScript = "\"${SRCROOT}/Pods/Target Support Files/Pods-Im Ready!Tests/Pods-Im Ready!Tests-resources.sh\"\n";
			showEnvVarsInLog = 0;
		};
		CA55C5EDB77EFE05D5C3A519 /* [CP] Embed Pods Frameworks */ = {
			isa = PBXShellScriptBuildPhase;
			buildActionMask = 2147483647;
			files = (
			);
			inputPaths = (
			);
			name = "[CP] Embed Pods Frameworks";
			outputPaths = (
			);
			runOnlyForDeploymentPostprocessing = 0;
			shellPath = /bin/sh;
			shellScript = "\"${SRCROOT}/Pods/Target Support Files/Pods-Im Ready!UITests/Pods-Im Ready!UITests-frameworks.sh\"\n";
			showEnvVarsInLog = 0;
		};
/* End PBXShellScriptBuildPhase section */

/* Begin PBXSourcesBuildPhase section */
		FAB2355A1FB990F60099B29D /* Sources */ = {
			isa = PBXSourcesBuildPhase;
			buildActionMask = 2147483647;
			files = (
				FA4B87481FC3091D008CB427 /* BuildingblockService.swift in Sources */,
				FA4B87461FC307FD008CB427 /* BuildingblockResult.swift in Sources */,
				FADAB4591FBECEAC0069E290 /* Extensions.swift in Sources */,
				FA3CB3FF1FD56F3200142CCF /* ChatViewController.swift in Sources */,
				FA64A6F81FFFCD45005E7BE5 /* ChooseNewComponentViewController.swift in Sources */,
				FA73CDEF1FBF2D110077F563 /* HomescreenViewController.swift in Sources */,
				FADAB45B1FBECF710069E290 /* BuildingblockCell.swift in Sources */,
				FAF1561F1FE9319400C6B9C2 /* ActivityIndicator.swift in Sources */,
				FA4DFE421FBC1B7C00945B2A /* Activity.swift in Sources */,
				FA528D981FDB185C00052647 /* ClientTask.swift in Sources */,
				FAB235A21FB99B720099B29D /* LoginViewController.swift in Sources */,
				FAB2359E1FB99AA70099B29D /* Caregiver.swift in Sources */,
				FA7265DE1FC6CA2D00E7FBC4 /* ActivityService.swift in Sources */,
				FA4DFE401FBC1AF500945B2A /* Component.swift in Sources */,
				FA8306C01FDE931900BC225F /* Role.swift in Sources */,
				FA35EFB91FE802F1000C9B76 /* FutureplanResult.swift in Sources */,
				FA03F476200D03D700322435 /* CalendarDetailViewController.swift in Sources */,
				FA4BC4FA200BB5D40011D158 /* CalendarViewController.swift in Sources */,
				FADB8FCC1FE003A300EECB8B /* MessageService.swift in Sources */,
				FA4BC4FC200BB8B90011D158 /* CalendarTableViewCell.swift in Sources */,
				FAF467391FEAC18500D8DB43 /* AddNewBuildingblock.swift in Sources */,
				FA4B72601FF4F7CE00949FF6 /* ChooseNewBuildingblockViewController.swift in Sources */,
				FAF4673B1FEAF41900D8DB43 /* AddBuildingblockCollectionViewCell.swift in Sources */,
				FA4DFE3E1FBC19D900945B2A /* Buildingblock.swift in Sources */,
				FA4B72671FF53D7E00949FF6 /* BuildingblockCollectionViewCell.swift in Sources */,
				FA35EFBD1FE85E86000C9B76 /* ClientComponent.swift in Sources */,
				FA35EFBB1FE85E49000C9B76 /* ClientBuildingblock.swift in Sources */,
				FA4DFE381FBADB8500945B2A /* Message.swift in Sources */,
				FAB2356A1FB990F60099B29D /* Im_Ready_.xcdatamodeld in Sources */,
				FA9CF8CD200BDFD600A983D7 /* AppointmentService.swift in Sources */,
				FA3CB4061FD5D2CB00142CCF /* MessageResult.swift in Sources */,
				FA7472001FCC088300D0D9D8 /* ClientComponentViewController.swift in Sources */,
				FAA4BB8B1FBF0421006B845D /* Services.swift in Sources */,
				FAB2359C1FB99A970099B29D /* Client.swift in Sources */,
				FADAB4501FBDEFAF0069E290 /* ApiClient.swift in Sources */,
				FA8306CA1FDEC34200BC225F /* SendingMessageTableViewCell.swift in Sources */,
				FA3CB4021FD57AD100142CCF /* ChatCollectionViewCell.swift in Sources */,
				FA4DFE491FBC33E000945B2A /* EntityModel.swift in Sources */,
				FADB8FCE1FE006CE00EECB8B /* UserService.swift in Sources */,
				FA4DFE361FBADB7700945B2A /* Chat.swift in Sources */,
				FAB235621FB990F60099B29D /* AppDelegate.swift in Sources */,
				FA528D9A1FDB1A2100052647 /* Feedback.swift in Sources */,
				FA8306C41FDE932F00BC225F /* Status.swift in Sources */,
				FA8306C21FDE932500BC225F /* TriggerLevel.swift in Sources */,
				FA4DFE471FBC205100945B2A /* LoginResult.swift in Sources */,
				FA4DFE3C1FBB198C00945B2A /* User.swift in Sources */,
				FA64A6F21FFE6876005E7BE5 /* ComponentCollectionViewCell.swift in Sources */,
				FAF4A1B01FE416FE001C0D86 /* InternetConnection.swift in Sources */,
				FA9CF8CF200BE16200A983D7 /* AppointmentResult.swift in Sources */,
				FA4B874A1FC31461008CB427 /* UIViewControllerExtension.swift in Sources */,
				FA8306BE1FDE930F00BC225F /* BlockType.swift in Sources */,
				FA4DFE441FBC1C5E00945B2A /* Relative.swift in Sources */,
				FADB8FD21FE1514300EECB8B /* CurrentUser.swift in Sources */,
				FA4B72621FF5015B00949FF6 /* Alerts.swift in Sources */,
				FA528D881FD9642000052647 /* ClientActivityViewController.swift in Sources */,
				FA528D9C1FDB1B0C00052647 /* UsefulLinks.swift in Sources */,
				FA3383EF1FD05C6C00847C05 /* ClientActivityStackViewCell.swift in Sources */,
				FA7471FC1FC722E100D0D9D8 /* ActivityResult.swift in Sources */,
				FA7471FA1FC722A200D0D9D8 /* ComponentResult.swift in Sources */,
				FA9CF8CB200BDB5200A983D7 /* Appointment.swift in Sources */,
				FADB8FD01FE02AC600EECB8B /* IncomingMessageTableViewCell.swift in Sources */,
				FA35EFBF1FE85F21000C9B76 /* ClientActivity.swift in Sources */,
				FADAB4571FBDF2D60069E290 /* ClientService.swift in Sources */,
				FA3CB4041FD5D22400142CCF /* ChatsService.swift in Sources */,
				FADAB4531FBDF0350069E290 /* AuthenticationService.swift in Sources */,
				FA528D8A1FD9693C00052647 /* ClientComponentCollectionViewCell.swift in Sources */,
				FA8306C81FDEC23B00BC225F /* MessageViewController.swift in Sources */,
				FA7265DC1FC6104200E7FBC4 /* ComponentService.swift in Sources */,
			);
			runOnlyForDeploymentPostprocessing = 0;
		};
		FAB235711FB990F60099B29D /* Sources */ = {
			isa = PBXSourcesBuildPhase;
			buildActionMask = 2147483647;
			files = (
				FAB2357A1FB990F60099B29D /* Im_Ready_Tests.swift in Sources */,
			);
			runOnlyForDeploymentPostprocessing = 0;
		};
		FAB2357C1FB990F60099B29D /* Sources */ = {
			isa = PBXSourcesBuildPhase;
			buildActionMask = 2147483647;
			files = (
				FAB235851FB990F60099B29D /* Im_Ready_UITests.swift in Sources */,
			);
			runOnlyForDeploymentPostprocessing = 0;
		};
/* End PBXSourcesBuildPhase section */

/* Begin PBXTargetDependency section */
		FAB235771FB990F60099B29D /* PBXTargetDependency */ = {
			isa = PBXTargetDependency;
			target = FAB2355D1FB990F60099B29D /* Im Ready! */;
			targetProxy = FAB235761FB990F60099B29D /* PBXContainerItemProxy */;
		};
		FAB235821FB990F60099B29D /* PBXTargetDependency */ = {
			isa = PBXTargetDependency;
			target = FAB2355D1FB990F60099B29D /* Im Ready! */;
			targetProxy = FAB235811FB990F60099B29D /* PBXContainerItemProxy */;
		};
/* End PBXTargetDependency section */

/* Begin PBXVariantGroup section */
		FAB235651FB990F60099B29D /* Client.storyboard */ = {
			isa = PBXVariantGroup;
			children = (
				FAB235661FB990F60099B29D /* Base */,
			);
			name = Client.storyboard;
			sourceTree = "<group>";
		};
		FAB2356D1FB990F60099B29D /* LaunchScreen.storyboard */ = {
			isa = PBXVariantGroup;
			children = (
				FAB2356E1FB990F60099B29D /* Base */,
			);
			name = LaunchScreen.storyboard;
			sourceTree = "<group>";
		};
/* End PBXVariantGroup section */

/* Begin XCBuildConfiguration section */
		FAB235871FB990F60099B29D /* Debug */ = {
			isa = XCBuildConfiguration;
			buildSettings = {
				ALWAYS_SEARCH_USER_PATHS = NO;
				CLANG_ANALYZER_NONNULL = YES;
				CLANG_ANALYZER_NUMBER_OBJECT_CONVERSION = YES_AGGRESSIVE;
				CLANG_CXX_LANGUAGE_STANDARD = "gnu++14";
				CLANG_CXX_LIBRARY = "libc++";
				CLANG_ENABLE_MODULES = YES;
				CLANG_ENABLE_OBJC_ARC = YES;
				CLANG_WARN_BLOCK_CAPTURE_AUTORELEASING = YES;
				CLANG_WARN_BOOL_CONVERSION = YES;
				CLANG_WARN_COMMA = YES;
				CLANG_WARN_CONSTANT_CONVERSION = YES;
				CLANG_WARN_DIRECT_OBJC_ISA_USAGE = YES_ERROR;
				CLANG_WARN_DOCUMENTATION_COMMENTS = YES;
				CLANG_WARN_EMPTY_BODY = YES;
				CLANG_WARN_ENUM_CONVERSION = YES;
				CLANG_WARN_INFINITE_RECURSION = YES;
				CLANG_WARN_INT_CONVERSION = YES;
				CLANG_WARN_NON_LITERAL_NULL_CONVERSION = YES;
				CLANG_WARN_OBJC_LITERAL_CONVERSION = YES;
				CLANG_WARN_OBJC_ROOT_CLASS = YES_ERROR;
				CLANG_WARN_RANGE_LOOP_ANALYSIS = YES;
				CLANG_WARN_STRICT_PROTOTYPES = YES;
				CLANG_WARN_SUSPICIOUS_MOVE = YES;
				CLANG_WARN_UNGUARDED_AVAILABILITY = YES_AGGRESSIVE;
				CLANG_WARN_UNREACHABLE_CODE = YES;
				CLANG_WARN__DUPLICATE_METHOD_MATCH = YES;
				CODE_SIGN_IDENTITY = "iPhone Developer";
				COPY_PHASE_STRIP = NO;
				DEBUG_INFORMATION_FORMAT = dwarf;
				ENABLE_STRICT_OBJC_MSGSEND = YES;
				ENABLE_TESTABILITY = YES;
				GCC_C_LANGUAGE_STANDARD = gnu11;
				GCC_DYNAMIC_NO_PIC = NO;
				GCC_NO_COMMON_BLOCKS = YES;
				GCC_OPTIMIZATION_LEVEL = 0;
				GCC_PREPROCESSOR_DEFINITIONS = (
					"DEBUG=1",
					"$(inherited)",
				);
				GCC_WARN_64_TO_32_BIT_CONVERSION = YES;
				GCC_WARN_ABOUT_RETURN_TYPE = YES_ERROR;
				GCC_WARN_UNDECLARED_SELECTOR = YES;
				GCC_WARN_UNINITIALIZED_AUTOS = YES_AGGRESSIVE;
				GCC_WARN_UNUSED_FUNCTION = YES;
				GCC_WARN_UNUSED_VARIABLE = YES;
				IPHONEOS_DEPLOYMENT_TARGET = 11.1;
				MTL_ENABLE_DEBUG_INFO = YES;
				ONLY_ACTIVE_ARCH = YES;
				SDKROOT = iphoneos;
				SWIFT_ACTIVE_COMPILATION_CONDITIONS = DEBUG;
				SWIFT_OPTIMIZATION_LEVEL = "-Onone";
			};
			name = Debug;
		};
		FAB235881FB990F60099B29D /* Release */ = {
			isa = XCBuildConfiguration;
			buildSettings = {
				ALWAYS_SEARCH_USER_PATHS = NO;
				CLANG_ANALYZER_NONNULL = YES;
				CLANG_ANALYZER_NUMBER_OBJECT_CONVERSION = YES_AGGRESSIVE;
				CLANG_CXX_LANGUAGE_STANDARD = "gnu++14";
				CLANG_CXX_LIBRARY = "libc++";
				CLANG_ENABLE_MODULES = YES;
				CLANG_ENABLE_OBJC_ARC = YES;
				CLANG_WARN_BLOCK_CAPTURE_AUTORELEASING = YES;
				CLANG_WARN_BOOL_CONVERSION = YES;
				CLANG_WARN_COMMA = YES;
				CLANG_WARN_CONSTANT_CONVERSION = YES;
				CLANG_WARN_DIRECT_OBJC_ISA_USAGE = YES_ERROR;
				CLANG_WARN_DOCUMENTATION_COMMENTS = YES;
				CLANG_WARN_EMPTY_BODY = YES;
				CLANG_WARN_ENUM_CONVERSION = YES;
				CLANG_WARN_INFINITE_RECURSION = YES;
				CLANG_WARN_INT_CONVERSION = YES;
				CLANG_WARN_NON_LITERAL_NULL_CONVERSION = YES;
				CLANG_WARN_OBJC_LITERAL_CONVERSION = YES;
				CLANG_WARN_OBJC_ROOT_CLASS = YES_ERROR;
				CLANG_WARN_RANGE_LOOP_ANALYSIS = YES;
				CLANG_WARN_STRICT_PROTOTYPES = YES;
				CLANG_WARN_SUSPICIOUS_MOVE = YES;
				CLANG_WARN_UNGUARDED_AVAILABILITY = YES_AGGRESSIVE;
				CLANG_WARN_UNREACHABLE_CODE = YES;
				CLANG_WARN__DUPLICATE_METHOD_MATCH = YES;
				CODE_SIGN_IDENTITY = "iPhone Developer";
				COPY_PHASE_STRIP = NO;
				DEBUG_INFORMATION_FORMAT = "dwarf-with-dsym";
				ENABLE_NS_ASSERTIONS = NO;
				ENABLE_STRICT_OBJC_MSGSEND = YES;
				GCC_C_LANGUAGE_STANDARD = gnu11;
				GCC_NO_COMMON_BLOCKS = YES;
				GCC_WARN_64_TO_32_BIT_CONVERSION = YES;
				GCC_WARN_ABOUT_RETURN_TYPE = YES_ERROR;
				GCC_WARN_UNDECLARED_SELECTOR = YES;
				GCC_WARN_UNINITIALIZED_AUTOS = YES_AGGRESSIVE;
				GCC_WARN_UNUSED_FUNCTION = YES;
				GCC_WARN_UNUSED_VARIABLE = YES;
				IPHONEOS_DEPLOYMENT_TARGET = 11.1;
				MTL_ENABLE_DEBUG_INFO = NO;
				SDKROOT = iphoneos;
				SWIFT_OPTIMIZATION_LEVEL = "-Owholemodule";
				VALIDATE_PRODUCT = YES;
			};
			name = Release;
		};
		FAB2358A1FB990F60099B29D /* Debug */ = {
			isa = XCBuildConfiguration;
			baseConfigurationReference = 74133F7968F33C1006A5B301 /* Pods-Im Ready!.debug.xcconfig */;
			buildSettings = {
				ASSETCATALOG_COMPILER_APPICON_NAME = AppIcon;
				CODE_SIGN_ENTITLEMENTS = "Im Ready!/Im Ready!.entitlements";
				CODE_SIGN_STYLE = Automatic;
				DEVELOPMENT_TEAM = 9TP4ZR66RV;
				INFOPLIST_FILE = "Im Ready!/Info.plist";
				LD_RUNPATH_SEARCH_PATHS = "$(inherited) @executable_path/Frameworks";
				PRODUCT_BUNDLE_IDENTIFIER = "Inholland.Im-Ready-";
				PRODUCT_NAME = "$(TARGET_NAME)";
				SWIFT_OBJC_BRIDGING_HEADER = "";
				SWIFT_VERSION = 4.0;
				TARGETED_DEVICE_FAMILY = "1,2";
			};
			name = Debug;
		};
		FAB2358B1FB990F60099B29D /* Release */ = {
			isa = XCBuildConfiguration;
			baseConfigurationReference = 59707C614206F5C8B8CD852E /* Pods-Im Ready!.release.xcconfig */;
			buildSettings = {
				ASSETCATALOG_COMPILER_APPICON_NAME = AppIcon;
				CODE_SIGN_ENTITLEMENTS = "Im Ready!/Im Ready!.entitlements";
				CODE_SIGN_STYLE = Automatic;
				DEVELOPMENT_TEAM = 9TP4ZR66RV;
				INFOPLIST_FILE = "Im Ready!/Info.plist";
				LD_RUNPATH_SEARCH_PATHS = "$(inherited) @executable_path/Frameworks";
				PRODUCT_BUNDLE_IDENTIFIER = "Inholland.Im-Ready-";
				PRODUCT_NAME = "$(TARGET_NAME)";
				SWIFT_OBJC_BRIDGING_HEADER = "";
				SWIFT_VERSION = 4.0;
				TARGETED_DEVICE_FAMILY = "1,2";
			};
			name = Release;
		};
		FAB2358D1FB990F60099B29D /* Debug */ = {
			isa = XCBuildConfiguration;
			baseConfigurationReference = EA22577E3139BDD4A7B335DE /* Pods-Im Ready!Tests.debug.xcconfig */;
			buildSettings = {
				ALWAYS_EMBED_SWIFT_STANDARD_LIBRARIES = YES;
				BUNDLE_LOADER = "$(TEST_HOST)";
				CODE_SIGN_STYLE = Automatic;
				DEVELOPMENT_TEAM = 9TP4ZR66RV;
				INFOPLIST_FILE = "Im Ready!Tests/Info.plist";
				LD_RUNPATH_SEARCH_PATHS = "$(inherited) @executable_path/Frameworks @loader_path/Frameworks";
				PRODUCT_BUNDLE_IDENTIFIER = "Inholland.Im-Ready-Tests";
				PRODUCT_NAME = "$(TARGET_NAME)";
				SWIFT_VERSION = 4.0;
				TARGETED_DEVICE_FAMILY = "1,2";
				TEST_HOST = "$(BUILT_PRODUCTS_DIR)/Im Ready!.app/Im Ready!";
			};
			name = Debug;
		};
		FAB2358E1FB990F60099B29D /* Release */ = {
			isa = XCBuildConfiguration;
			baseConfigurationReference = 6BECBDC8E2921F4D4873CE03 /* Pods-Im Ready!Tests.release.xcconfig */;
			buildSettings = {
				ALWAYS_EMBED_SWIFT_STANDARD_LIBRARIES = YES;
				BUNDLE_LOADER = "$(TEST_HOST)";
				CODE_SIGN_STYLE = Automatic;
				DEVELOPMENT_TEAM = 9TP4ZR66RV;
				INFOPLIST_FILE = "Im Ready!Tests/Info.plist";
				LD_RUNPATH_SEARCH_PATHS = "$(inherited) @executable_path/Frameworks @loader_path/Frameworks";
				PRODUCT_BUNDLE_IDENTIFIER = "Inholland.Im-Ready-Tests";
				PRODUCT_NAME = "$(TARGET_NAME)";
				SWIFT_VERSION = 4.0;
				TARGETED_DEVICE_FAMILY = "1,2";
				TEST_HOST = "$(BUILT_PRODUCTS_DIR)/Im Ready!.app/Im Ready!";
			};
			name = Release;
		};
		FAB235901FB990F60099B29D /* Debug */ = {
			isa = XCBuildConfiguration;
			baseConfigurationReference = A4401D549EE167C2C61F36A6 /* Pods-Im Ready!UITests.debug.xcconfig */;
			buildSettings = {
				ALWAYS_EMBED_SWIFT_STANDARD_LIBRARIES = YES;
				CODE_SIGN_STYLE = Automatic;
				DEVELOPMENT_TEAM = 9TP4ZR66RV;
				INFOPLIST_FILE = "Im Ready!UITests/Info.plist";
				LD_RUNPATH_SEARCH_PATHS = "$(inherited) @executable_path/Frameworks @loader_path/Frameworks";
				PRODUCT_BUNDLE_IDENTIFIER = "Inholland.Im-Ready-UITests";
				PRODUCT_NAME = "$(TARGET_NAME)";
				SWIFT_VERSION = 4.0;
				TARGETED_DEVICE_FAMILY = "1,2";
				TEST_TARGET_NAME = "Im Ready!";
			};
			name = Debug;
		};
		FAB235911FB990F60099B29D /* Release */ = {
			isa = XCBuildConfiguration;
			baseConfigurationReference = C218B82C4D603095F850F4D3 /* Pods-Im Ready!UITests.release.xcconfig */;
			buildSettings = {
				ALWAYS_EMBED_SWIFT_STANDARD_LIBRARIES = YES;
				CODE_SIGN_STYLE = Automatic;
				DEVELOPMENT_TEAM = 9TP4ZR66RV;
				INFOPLIST_FILE = "Im Ready!UITests/Info.plist";
				LD_RUNPATH_SEARCH_PATHS = "$(inherited) @executable_path/Frameworks @loader_path/Frameworks";
				PRODUCT_BUNDLE_IDENTIFIER = "Inholland.Im-Ready-UITests";
				PRODUCT_NAME = "$(TARGET_NAME)";
				SWIFT_VERSION = 4.0;
				TARGETED_DEVICE_FAMILY = "1,2";
				TEST_TARGET_NAME = "Im Ready!";
			};
			name = Release;
		};
/* End XCBuildConfiguration section */

/* Begin XCConfigurationList section */
		FAB235591FB990F50099B29D /* Build configuration list for PBXProject "Im Ready!" */ = {
			isa = XCConfigurationList;
			buildConfigurations = (
				FAB235871FB990F60099B29D /* Debug */,
				FAB235881FB990F60099B29D /* Release */,
			);
			defaultConfigurationIsVisible = 0;
			defaultConfigurationName = Release;
		};
		FAB235891FB990F60099B29D /* Build configuration list for PBXNativeTarget "Im Ready!" */ = {
			isa = XCConfigurationList;
			buildConfigurations = (
				FAB2358A1FB990F60099B29D /* Debug */,
				FAB2358B1FB990F60099B29D /* Release */,
			);
			defaultConfigurationIsVisible = 0;
			defaultConfigurationName = Release;
		};
		FAB2358C1FB990F60099B29D /* Build configuration list for PBXNativeTarget "Im Ready!Tests" */ = {
			isa = XCConfigurationList;
			buildConfigurations = (
				FAB2358D1FB990F60099B29D /* Debug */,
				FAB2358E1FB990F60099B29D /* Release */,
			);
			defaultConfigurationIsVisible = 0;
			defaultConfigurationName = Release;
		};
		FAB2358F1FB990F60099B29D /* Build configuration list for PBXNativeTarget "Im Ready!UITests" */ = {
			isa = XCConfigurationList;
			buildConfigurations = (
				FAB235901FB990F60099B29D /* Debug */,
				FAB235911FB990F60099B29D /* Release */,
			);
			defaultConfigurationIsVisible = 0;
			defaultConfigurationName = Release;
		};
/* End XCConfigurationList section */

/* Begin XCVersionGroup section */
		FAB235681FB990F60099B29D /* Im_Ready_.xcdatamodeld */ = {
			isa = XCVersionGroup;
			children = (
				FAB235691FB990F60099B29D /* Im_Ready_.xcdatamodel */,
			);
			currentVersion = FAB235691FB990F60099B29D /* Im_Ready_.xcdatamodel */;
			path = Im_Ready_.xcdatamodeld;
			sourceTree = "<group>";
			versionGroupType = wrapper.xcdatamodel;
		};
/* End XCVersionGroup section */
	};
	rootObject = FAB235561FB990F50099B29D /* Project object */;
}
