// !$*UTF8*$!
{
	archiveVersion = 1;
	classes = {
	};
	objectVersion = 48;
	objects = {

/* Begin PBXBuildFile section */
		0B9EDB0E1E2C7325F25D6954 /* Pods_Im_Ready_.framework in Frameworks */ = {isa = PBXBuildFile; fileRef = AF19877FEB36B0C64EB9B20D /* Pods_Im_Ready_.framework */; };
		55B7494C0208B9E357CA77AF /* Pods_Im_Ready_Tests.framework in Frameworks */ = {isa = PBXBuildFile; fileRef = 0BD69AA0C458F2E755C56A2A /* Pods_Im_Ready_Tests.framework */; };
		E398416CB00FC82F09388693 /* Pods_Im_Ready_UITests.framework in Frameworks */ = {isa = PBXBuildFile; fileRef = B5FDBBBA72EC5EA82C1D167F /* Pods_Im_Ready_UITests.framework */; };
		FA4B87461FC307FD008CB427 /* BuildingblockResult.swift in Sources */ = {isa = PBXBuildFile; fileRef = FA4B87451FC307FD008CB427 /* BuildingblockResult.swift */; };
		FA4B87481FC3091D008CB427 /* BuildingblockService.swift in Sources */ = {isa = PBXBuildFile; fileRef = FA4B87471FC3091D008CB427 /* BuildingblockService.swift */; };
		FA4B874A1FC31461008CB427 /* UIViewControllerExtension.swift in Sources */ = {isa = PBXBuildFile; fileRef = FA4B87491FC31461008CB427 /* UIViewControllerExtension.swift */; };
		FA4B874C1FC3148C008CB427 /* UIImageViewExtension.swift in Sources */ = {isa = PBXBuildFile; fileRef = FA4B874B1FC3148C008CB427 /* UIImageViewExtension.swift */; };
		FA4DFE361FBADB7700945B2A /* Chat.swift in Sources */ = {isa = PBXBuildFile; fileRef = FA4DFE351FBADB7700945B2A /* Chat.swift */; };
		FA4DFE381FBADB8500945B2A /* Message.swift in Sources */ = {isa = PBXBuildFile; fileRef = FA4DFE371FBADB8500945B2A /* Message.swift */; };
		FA4DFE3A1FBB177800945B2A /* Person.swift in Sources */ = {isa = PBXBuildFile; fileRef = FA4DFE391FBB177800945B2A /* Person.swift */; };
		FA4DFE3C1FBB198C00945B2A /* User.swift in Sources */ = {isa = PBXBuildFile; fileRef = FA4DFE3B1FBB198C00945B2A /* User.swift */; };
		FA4DFE3E1FBC19D900945B2A /* Buildingblock.swift in Sources */ = {isa = PBXBuildFile; fileRef = FA4DFE3D1FBC19D900945B2A /* Buildingblock.swift */; };
		FA4DFE401FBC1AF500945B2A /* Component.swift in Sources */ = {isa = PBXBuildFile; fileRef = FA4DFE3F1FBC1AF500945B2A /* Component.swift */; };
		FA4DFE421FBC1B7C00945B2A /* Activity.swift in Sources */ = {isa = PBXBuildFile; fileRef = FA4DFE411FBC1B7C00945B2A /* Activity.swift */; };
		FA4DFE441FBC1C5E00945B2A /* Family.swift in Sources */ = {isa = PBXBuildFile; fileRef = FA4DFE431FBC1C5E00945B2A /* Family.swift */; };
		FA4DFE471FBC205100945B2A /* LoginResult.swift in Sources */ = {isa = PBXBuildFile; fileRef = FA4DFE461FBC205100945B2A /* LoginResult.swift */; };
		FA4DFE491FBC33E000945B2A /* EntityModel.swift in Sources */ = {isa = PBXBuildFile; fileRef = FA4DFE481FBC33E000945B2A /* EntityModel.swift */; };
		FA7265DC1FC6104200E7FBC4 /* ComponentService.swift in Sources */ = {isa = PBXBuildFile; fileRef = FA7265DB1FC6104200E7FBC4 /* ComponentService.swift */; };
		FA7265DE1FC6CA2D00E7FBC4 /* ActivityService.swift in Sources */ = {isa = PBXBuildFile; fileRef = FA7265DD1FC6CA2D00E7FBC4 /* ActivityService.swift */; };
		FA7265DF1FC6ECF800E7FBC4 /* SwiftyJSON.framework in Frameworks */ = {isa = PBXBuildFile; fileRef = FA7265E01FC6ECF800E7FBC4 /* SwiftyJSON.framework */; };
		FA73CDEF1FBF2D110077F563 /* HomescreenViewController.swift in Sources */ = {isa = PBXBuildFile; fileRef = FA73CDEE1FBF2D110077F563 /* HomescreenViewController.swift */; };
		FA7471FA1FC722A200D0D9D8 /* ComponentResult.swift in Sources */ = {isa = PBXBuildFile; fileRef = FA7471F91FC722A200D0D9D8 /* ComponentResult.swift */; };
		FA7471FC1FC722E100D0D9D8 /* ActivityResult.swift in Sources */ = {isa = PBXBuildFile; fileRef = FA7471FB1FC722E100D0D9D8 /* ActivityResult.swift */; };
		FA7471FE1FCA0B2900D0D9D8 /* ComponentTableViewCell.swift in Sources */ = {isa = PBXBuildFile; fileRef = FA7471FD1FCA0B2900D0D9D8 /* ComponentTableViewCell.swift */; };
		FA7472001FCC088300D0D9D8 /* ComponentViewController.swift in Sources */ = {isa = PBXBuildFile; fileRef = FA7471FF1FCC088300D0D9D8 /* ComponentViewController.swift */; };
		FA7472021FCC63D500D0D9D8 /* ActivityViewController.swift in Sources */ = {isa = PBXBuildFile; fileRef = FA7472011FCC63D500D0D9D8 /* ActivityViewController.swift */; };
		FAA4BB8B1FBF0421006B845D /* Services.swift in Sources */ = {isa = PBXBuildFile; fileRef = FAA4BB8A1FBF0421006B845D /* Services.swift */; };
		FAB235621FB990F60099B29D /* AppDelegate.swift in Sources */ = {isa = PBXBuildFile; fileRef = FAB235611FB990F60099B29D /* AppDelegate.swift */; };
		FAB235671FB990F60099B29D /* Client.storyboard in Resources */ = {isa = PBXBuildFile; fileRef = FAB235651FB990F60099B29D /* Client.storyboard */; };
		FAB2356A1FB990F60099B29D /* Im_Ready_.xcdatamodeld in Sources */ = {isa = PBXBuildFile; fileRef = FAB235681FB990F60099B29D /* Im_Ready_.xcdatamodeld */; };
		FAB2356C1FB990F60099B29D /* Assets.xcassets in Resources */ = {isa = PBXBuildFile; fileRef = FAB2356B1FB990F60099B29D /* Assets.xcassets */; };
		FAB2356F1FB990F60099B29D /* LaunchScreen.storyboard in Resources */ = {isa = PBXBuildFile; fileRef = FAB2356D1FB990F60099B29D /* LaunchScreen.storyboard */; };
		FAB2357A1FB990F60099B29D /* Im_Ready_Tests.swift in Sources */ = {isa = PBXBuildFile; fileRef = FAB235791FB990F60099B29D /* Im_Ready_Tests.swift */; };
		FAB235851FB990F60099B29D /* Im_Ready_UITests.swift in Sources */ = {isa = PBXBuildFile; fileRef = FAB235841FB990F60099B29D /* Im_Ready_UITests.swift */; };
		FAB235941FB994380099B29D /* Roboto in Resources */ = {isa = PBXBuildFile; fileRef = FAB235931FB994380099B29D /* Roboto */; };
		FAB235961FB9960E0099B29D /* Info.plist in Resources */ = {isa = PBXBuildFile; fileRef = FAB235701FB990F60099B29D /* Info.plist */; };
		FAB2359C1FB99A970099B29D /* Client.swift in Sources */ = {isa = PBXBuildFile; fileRef = FAB2359B1FB99A970099B29D /* Client.swift */; };
		FAB2359E1FB99AA70099B29D /* Caregiver.swift in Sources */ = {isa = PBXBuildFile; fileRef = FAB2359D1FB99AA70099B29D /* Caregiver.swift */; };
		FAB235A21FB99B720099B29D /* LoginViewController.swift in Sources */ = {isa = PBXBuildFile; fileRef = FAB235A11FB99B720099B29D /* LoginViewController.swift */; };
		FADAB4491FBDE0C00069E290 /* Caregiver.storyboard in Resources */ = {isa = PBXBuildFile; fileRef = FADAB4481FBDE0C00069E290 /* Caregiver.storyboard */; };
		FADAB4501FBDEFAF0069E290 /* ApiClient.swift in Sources */ = {isa = PBXBuildFile; fileRef = FADAB44F1FBDEFAF0069E290 /* ApiClient.swift */; };
		FADAB4531FBDF0350069E290 /* AuthenticationService.swift in Sources */ = {isa = PBXBuildFile; fileRef = FADAB4521FBDF0350069E290 /* AuthenticationService.swift */; };
		FADAB4551FBDF0D20069E290 /* WebClient.swift in Sources */ = {isa = PBXBuildFile; fileRef = FADAB4541FBDF0D20069E290 /* WebClient.swift */; };
		FADAB4571FBDF2D60069E290 /* ClientService.swift in Sources */ = {isa = PBXBuildFile; fileRef = FADAB4561FBDF2D60069E290 /* ClientService.swift */; };
		FADAB4591FBECEAC0069E290 /* Extensions.swift in Sources */ = {isa = PBXBuildFile; fileRef = FADAB4581FBECEAC0069E290 /* Extensions.swift */; };
		FADAB45B1FBECF710069E290 /* BuildingblockCell.swift in Sources */ = {isa = PBXBuildFile; fileRef = FADAB45A1FBECF710069E290 /* BuildingblockCell.swift */; };
/* End PBXBuildFile section */

/* Begin PBXContainerItemProxy section */
		FAB235761FB990F60099B29D /* PBXContainerItemProxy */ = {
			isa = PBXContainerItemProxy;
			containerPortal = FAB235561FB990F50099B29D /* Project object */;
			proxyType = 1;
			remoteGlobalIDString = FAB2355D1FB990F60099B29D;
			remoteInfo = "Im Ready!";
		};
		FAB235811FB990F60099B29D /* PBXContainerItemProxy */ = {
			isa = PBXContainerItemProxy;
			containerPortal = FAB235561FB990F50099B29D /* Project object */;
			proxyType = 1;
			remoteGlobalIDString = FAB2355D1FB990F60099B29D;
			remoteInfo = "Im Ready!";
		};
/* End PBXContainerItemProxy section */

/* Begin PBXFileReference section */
		0BD69AA0C458F2E755C56A2A /* Pods_Im_Ready_Tests.framework */ = {isa = PBXFileReference; explicitFileType = wrapper.framework; includeInIndex = 0; path = Pods_Im_Ready_Tests.framework; sourceTree = BUILT_PRODUCTS_DIR; };
		59707C614206F5C8B8CD852E /* Pods-Im Ready!.release.xcconfig */ = {isa = PBXFileReference; includeInIndex = 1; lastKnownFileType = text.xcconfig; name = "Pods-Im Ready!.release.xcconfig"; path = "Pods/Target Support Files/Pods-Im Ready!/Pods-Im Ready!.release.xcconfig"; sourceTree = "<group>"; };
		6BECBDC8E2921F4D4873CE03 /* Pods-Im Ready!Tests.release.xcconfig */ = {isa = PBXFileReference; includeInIndex = 1; lastKnownFileType = text.xcconfig; name = "Pods-Im Ready!Tests.release.xcconfig"; path = "Pods/Target Support Files/Pods-Im Ready!Tests/Pods-Im Ready!Tests.release.xcconfig"; sourceTree = "<group>"; };
		74133F7968F33C1006A5B301 /* Pods-Im Ready!.debug.xcconfig */ = {isa = PBXFileReference; includeInIndex = 1; lastKnownFileType = text.xcconfig; name = "Pods-Im Ready!.debug.xcconfig"; path = "Pods/Target Support Files/Pods-Im Ready!/Pods-Im Ready!.debug.xcconfig"; sourceTree = "<group>"; };
		A4401D549EE167C2C61F36A6 /* Pods-Im Ready!UITests.debug.xcconfig */ = {isa = PBXFileReference; includeInIndex = 1; lastKnownFileType = text.xcconfig; name = "Pods-Im Ready!UITests.debug.xcconfig"; path = "Pods/Target Support Files/Pods-Im Ready!UITests/Pods-Im Ready!UITests.debug.xcconfig"; sourceTree = "<group>"; };
		AF19877FEB36B0C64EB9B20D /* Pods_Im_Ready_.framework */ = {isa = PBXFileReference; explicitFileType = wrapper.framework; includeInIndex = 0; path = Pods_Im_Ready_.framework; sourceTree = BUILT_PRODUCTS_DIR; };
		B5FDBBBA72EC5EA82C1D167F /* Pods_Im_Ready_UITests.framework */ = {isa = PBXFileReference; explicitFileType = wrapper.framework; includeInIndex = 0; path = Pods_Im_Ready_UITests.framework; sourceTree = BUILT_PRODUCTS_DIR; };
		C218B82C4D603095F850F4D3 /* Pods-Im Ready!UITests.release.xcconfig */ = {isa = PBXFileReference; includeInIndex = 1; lastKnownFileType = text.xcconfig; name = "Pods-Im Ready!UITests.release.xcconfig"; path = "Pods/Target Support Files/Pods-Im Ready!UITests/Pods-Im Ready!UITests.release.xcconfig"; sourceTree = "<group>"; };
		EA22577E3139BDD4A7B335DE /* Pods-Im Ready!Tests.debug.xcconfig */ = {isa = PBXFileReference; includeInIndex = 1; lastKnownFileType = text.xcconfig; name = "Pods-Im Ready!Tests.debug.xcconfig"; path = "Pods/Target Support Files/Pods-Im Ready!Tests/Pods-Im Ready!Tests.debug.xcconfig"; sourceTree = "<group>"; };
		FA4B87451FC307FD008CB427 /* BuildingblockResult.swift */ = {isa = PBXFileReference; lastKnownFileType = sourcecode.swift; path = BuildingblockResult.swift; sourceTree = "<group>"; };
		FA4B87471FC3091D008CB427 /* BuildingblockService.swift */ = {isa = PBXFileReference; lastKnownFileType = sourcecode.swift; path = BuildingblockService.swift; sourceTree = "<group>"; };
		FA4B87491FC31461008CB427 /* UIViewControllerExtension.swift */ = {isa = PBXFileReference; lastKnownFileType = sourcecode.swift; path = UIViewControllerExtension.swift; sourceTree = "<group>"; };
		FA4B874B1FC3148C008CB427 /* UIImageViewExtension.swift */ = {isa = PBXFileReference; lastKnownFileType = sourcecode.swift; path = UIImageViewExtension.swift; sourceTree = "<group>"; };
		FA4DFE351FBADB7700945B2A /* Chat.swift */ = {isa = PBXFileReference; lastKnownFileType = sourcecode.swift; path = Chat.swift; sourceTree = "<group>"; };
		FA4DFE371FBADB8500945B2A /* Message.swift */ = {isa = PBXFileReference; lastKnownFileType = sourcecode.swift; path = Message.swift; sourceTree = "<group>"; };
		FA4DFE391FBB177800945B2A /* Person.swift */ = {isa = PBXFileReference; lastKnownFileType = sourcecode.swift; path = Person.swift; sourceTree = "<group>"; };
		FA4DFE3B1FBB198C00945B2A /* User.swift */ = {isa = PBXFileReference; lastKnownFileType = sourcecode.swift; path = User.swift; sourceTree = "<group>"; };
		FA4DFE3D1FBC19D900945B2A /* Buildingblock.swift */ = {isa = PBXFileReference; lastKnownFileType = sourcecode.swift; path = Buildingblock.swift; sourceTree = "<group>"; };
		FA4DFE3F1FBC1AF500945B2A /* Component.swift */ = {isa = PBXFileReference; lastKnownFileType = sourcecode.swift; path = Component.swift; sourceTree = "<group>"; };
		FA4DFE411FBC1B7C00945B2A /* Activity.swift */ = {isa = PBXFileReference; lastKnownFileType = sourcecode.swift; path = Activity.swift; sourceTree = "<group>"; };
		FA4DFE431FBC1C5E00945B2A /* Family.swift */ = {isa = PBXFileReference; lastKnownFileType = sourcecode.swift; path = Family.swift; sourceTree = "<group>"; };
		FA4DFE461FBC205100945B2A /* LoginResult.swift */ = {isa = PBXFileReference; lastKnownFileType = sourcecode.swift; path = LoginResult.swift; sourceTree = "<group>"; };
		FA4DFE481FBC33E000945B2A /* EntityModel.swift */ = {isa = PBXFileReference; lastKnownFileType = sourcecode.swift; path = EntityModel.swift; sourceTree = "<group>"; };
		FA7265DB1FC6104200E7FBC4 /* ComponentService.swift */ = {isa = PBXFileReference; lastKnownFileType = sourcecode.swift; path = ComponentService.swift; sourceTree = "<group>"; };
		FA7265DD1FC6CA2D00E7FBC4 /* ActivityService.swift */ = {isa = PBXFileReference; lastKnownFileType = sourcecode.swift; path = ActivityService.swift; sourceTree = "<group>"; };
		FA7265E01FC6ECF800E7FBC4 /* SwiftyJSON.framework */ = {isa = PBXFileReference; explicitFileType = wrapper.framework; path = SwiftyJSON.framework; sourceTree = BUILT_PRODUCTS_DIR; };
		FA73CDEE1FBF2D110077F563 /* HomescreenViewController.swift */ = {isa = PBXFileReference; lastKnownFileType = sourcecode.swift; path = HomescreenViewController.swift; sourceTree = "<group>"; };
		FA7471F91FC722A200D0D9D8 /* ComponentResult.swift */ = {isa = PBXFileReference; lastKnownFileType = sourcecode.swift; path = ComponentResult.swift; sourceTree = "<group>"; };
		FA7471FB1FC722E100D0D9D8 /* ActivityResult.swift */ = {isa = PBXFileReference; lastKnownFileType = sourcecode.swift; path = ActivityResult.swift; sourceTree = "<group>"; };
		FA7471FD1FCA0B2900D0D9D8 /* ComponentTableViewCell.swift */ = {isa = PBXFileReference; lastKnownFileType = sourcecode.swift; path = ComponentTableViewCell.swift; sourceTree = "<group>"; };
		FA7471FF1FCC088300D0D9D8 /* ComponentViewController.swift */ = {isa = PBXFileReference; lastKnownFileType = sourcecode.swift; path = ComponentViewController.swift; sourceTree = "<group>"; };
		FA7472011FCC63D500D0D9D8 /* ActivityViewController.swift */ = {isa = PBXFileReference; lastKnownFileType = sourcecode.swift; path = ActivityViewController.swift; sourceTree = "<group>"; };
		FAA4BB8A1FBF0421006B845D /* Services.swift */ = {isa = PBXFileReference; lastKnownFileType = sourcecode.swift; path = Services.swift; sourceTree = "<group>"; };
		FAB2355E1FB990F60099B29D /* Im Ready!.app */ = {isa = PBXFileReference; explicitFileType = wrapper.application; includeInIndex = 0; path = "Im Ready!.app"; sourceTree = BUILT_PRODUCTS_DIR; };
		FAB235611FB990F60099B29D /* AppDelegate.swift */ = {isa = PBXFileReference; lastKnownFileType = sourcecode.swift; path = AppDelegate.swift; sourceTree = "<group>"; };
		FAB235661FB990F60099B29D /* Base */ = {isa = PBXFileReference; lastKnownFileType = file.storyboard; name = Base; path = Base.lproj/Client.storyboard; sourceTree = "<group>"; };
		FAB235691FB990F60099B29D /* Im_Ready_.xcdatamodel */ = {isa = PBXFileReference; lastKnownFileType = wrapper.xcdatamodel; path = Im_Ready_.xcdatamodel; sourceTree = "<group>"; };
		FAB2356B1FB990F60099B29D /* Assets.xcassets */ = {isa = PBXFileReference; lastKnownFileType = folder.assetcatalog; path = Assets.xcassets; sourceTree = "<group>"; };
		FAB2356E1FB990F60099B29D /* Base */ = {isa = PBXFileReference; lastKnownFileType = file.storyboard; name = Base; path = Base.lproj/LaunchScreen.storyboard; sourceTree = "<group>"; };
		FAB235701FB990F60099B29D /* Info.plist */ = {isa = PBXFileReference; lastKnownFileType = text.plist.xml; path = Info.plist; sourceTree = "<group>"; };
		FAB235751FB990F60099B29D /* Im Ready!Tests.xctest */ = {isa = PBXFileReference; explicitFileType = wrapper.cfbundle; includeInIndex = 0; path = "Im Ready!Tests.xctest"; sourceTree = BUILT_PRODUCTS_DIR; };
		FAB235791FB990F60099B29D /* Im_Ready_Tests.swift */ = {isa = PBXFileReference; lastKnownFileType = sourcecode.swift; path = Im_Ready_Tests.swift; sourceTree = "<group>"; };
		FAB2357B1FB990F60099B29D /* Info.plist */ = {isa = PBXFileReference; lastKnownFileType = text.plist.xml; path = Info.plist; sourceTree = "<group>"; };
		FAB235801FB990F60099B29D /* Im Ready!UITests.xctest */ = {isa = PBXFileReference; explicitFileType = wrapper.cfbundle; includeInIndex = 0; path = "Im Ready!UITests.xctest"; sourceTree = BUILT_PRODUCTS_DIR; };
		FAB235841FB990F60099B29D /* Im_Ready_UITests.swift */ = {isa = PBXFileReference; lastKnownFileType = sourcecode.swift; path = Im_Ready_UITests.swift; sourceTree = "<group>"; };
		FAB235861FB990F60099B29D /* Info.plist */ = {isa = PBXFileReference; lastKnownFileType = text.plist.xml; path = Info.plist; sourceTree = "<group>"; };
		FAB235931FB994380099B29D /* Roboto */ = {isa = PBXFileReference; lastKnownFileType = folder; path = Roboto; sourceTree = "<group>"; };
		FAB2359B1FB99A970099B29D /* Client.swift */ = {isa = PBXFileReference; lastKnownFileType = sourcecode.swift; path = Client.swift; sourceTree = "<group>"; };
		FAB2359D1FB99AA70099B29D /* Caregiver.swift */ = {isa = PBXFileReference; lastKnownFileType = sourcecode.swift; path = Caregiver.swift; sourceTree = "<group>"; };
		FAB235A11FB99B720099B29D /* LoginViewController.swift */ = {isa = PBXFileReference; lastKnownFileType = sourcecode.swift; path = LoginViewController.swift; sourceTree = "<group>"; };
		FADAB4481FBDE0C00069E290 /* Caregiver.storyboard */ = {isa = PBXFileReference; lastKnownFileType = file.storyboard; path = Caregiver.storyboard; sourceTree = "<group>"; };
		FADAB44F1FBDEFAF0069E290 /* ApiClient.swift */ = {isa = PBXFileReference; lastKnownFileType = sourcecode.swift; path = ApiClient.swift; sourceTree = "<group>"; };
		FADAB4521FBDF0350069E290 /* AuthenticationService.swift */ = {isa = PBXFileReference; lastKnownFileType = sourcecode.swift; path = AuthenticationService.swift; sourceTree = "<group>"; };
		FADAB4541FBDF0D20069E290 /* WebClient.swift */ = {isa = PBXFileReference; lastKnownFileType = sourcecode.swift; path = WebClient.swift; sourceTree = "<group>"; };
		FADAB4561FBDF2D60069E290 /* ClientService.swift */ = {isa = PBXFileReference; lastKnownFileType = sourcecode.swift; path = ClientService.swift; sourceTree = "<group>"; };
		FADAB4581FBECEAC0069E290 /* Extensions.swift */ = {isa = PBXFileReference; lastKnownFileType = sourcecode.swift; path = Extensions.swift; sourceTree = "<group>"; };
		FADAB45A1FBECF710069E290 /* BuildingblockCell.swift */ = {isa = PBXFileReference; lastKnownFileType = sourcecode.swift; path = BuildingblockCell.swift; sourceTree = "<group>"; };
/* End PBXFileReference section */

/* Begin PBXFrameworksBuildPhase section */
		FAB2355B1FB990F60099B29D /* Frameworks */ = {
			isa = PBXFrameworksBuildPhase;
			buildActionMask = 2147483647;
			files = (
				FA7265DF1FC6ECF800E7FBC4 /* SwiftyJSON.framework in Frameworks */,
				0B9EDB0E1E2C7325F25D6954 /* Pods_Im_Ready_.framework in Frameworks */,
			);
			runOnlyForDeploymentPostprocessing = 0;
		};
		FAB235721FB990F60099B29D /* Frameworks */ = {
			isa = PBXFrameworksBuildPhase;
			buildActionMask = 2147483647;
			files = (
				55B7494C0208B9E357CA77AF /* Pods_Im_Ready_Tests.framework in Frameworks */,
			);
			runOnlyForDeploymentPostprocessing = 0;
		};
		FAB2357D1FB990F60099B29D /* Frameworks */ = {
			isa = PBXFrameworksBuildPhase;
			buildActionMask = 2147483647;
			files = (
				E398416CB00FC82F09388693 /* Pods_Im_Ready_UITests.framework in Frameworks */,
			);
			runOnlyForDeploymentPostprocessing = 0;
		};
/* End PBXFrameworksBuildPhase section */

/* Begin PBXGroup section */
		CE0299059FED82A9A3A0FBB4 /* Frameworks */ = {
			isa = PBXGroup;
			children = (
				FA7265E01FC6ECF800E7FBC4 /* SwiftyJSON.framework */,
				AF19877FEB36B0C64EB9B20D /* Pods_Im_Ready_.framework */,
				0BD69AA0C458F2E755C56A2A /* Pods_Im_Ready_Tests.framework */,
				B5FDBBBA72EC5EA82C1D167F /* Pods_Im_Ready_UITests.framework */,
			);
			name = Frameworks;
			sourceTree = "<group>";
		};
		D17CD5A6DE43738AE6A1E826 /* Pods */ = {
			isa = PBXGroup;
			children = (
				74133F7968F33C1006A5B301 /* Pods-Im Ready!.debug.xcconfig */,
				59707C614206F5C8B8CD852E /* Pods-Im Ready!.release.xcconfig */,
				EA22577E3139BDD4A7B335DE /* Pods-Im Ready!Tests.debug.xcconfig */,
				6BECBDC8E2921F4D4873CE03 /* Pods-Im Ready!Tests.release.xcconfig */,
				A4401D549EE167C2C61F36A6 /* Pods-Im Ready!UITests.debug.xcconfig */,
				C218B82C4D603095F850F4D3 /* Pods-Im Ready!UITests.release.xcconfig */,
			);
			name = Pods;
			sourceTree = "<group>";
		};
		FA4DFE451FBC204700945B2A /* Models */ = {
			isa = PBXGroup;
			children = (
				FA4DFE461FBC205100945B2A /* LoginResult.swift */,
				FA4B87451FC307FD008CB427 /* BuildingblockResult.swift */,
				FA7471F91FC722A200D0D9D8 /* ComponentResult.swift */,
				FA7471FB1FC722E100D0D9D8 /* ActivityResult.swift */,
			);
			path = Models;
			sourceTree = "<group>";
		};
		FAA7B9601FBD9CC700134C5B /* Helpers */ = {
			isa = PBXGroup;
			children = (
			);
			path = Helpers;
			sourceTree = "<group>";
		};
		FAA7B9631FBDA97C00134C5B /* Extensions */ = {
			isa = PBXGroup;
			children = (
				FADAB4581FBECEAC0069E290 /* Extensions.swift */,
				FA4B87491FC31461008CB427 /* UIViewControllerExtension.swift */,
				FA4B874B1FC3148C008CB427 /* UIImageViewExtension.swift */,
			);
			path = Extensions;
			sourceTree = "<group>";
		};
		FAB235551FB990F50099B29D = {
			isa = PBXGroup;
			children = (
				FAB235601FB990F60099B29D /* Im Ready! */,
				FAB2356D1FB990F60099B29D /* LaunchScreen.storyboard */,
				FAB235781FB990F60099B29D /* Im Ready!Tests */,
				FAB235831FB990F60099B29D /* Im Ready!UITests */,
				FAB2355F1FB990F60099B29D /* Products */,
				D17CD5A6DE43738AE6A1E826 /* Pods */,
				CE0299059FED82A9A3A0FBB4 /* Frameworks */,
			);
			sourceTree = "<group>";
		};
		FAB2355F1FB990F60099B29D /* Products */ = {
			isa = PBXGroup;
			children = (
				FAB2355E1FB990F60099B29D /* Im Ready!.app */,
				FAB235751FB990F60099B29D /* Im Ready!Tests.xctest */,
				FAB235801FB990F60099B29D /* Im Ready!UITests.xctest */,
			);
			name = Products;
			sourceTree = "<group>";
		};
		FAB235601FB990F60099B29D /* Im Ready! */ = {
			isa = PBXGroup;
			children = (
				FADAB4511FBDF01A0069E290 /* Rest */,
				FAA7B9631FBDA97C00134C5B /* Extensions */,
				FAA7B9601FBD9CC700134C5B /* Helpers */,
				FAB2359A1FB99A210099B29D /* Models */,
				FAB235991FB99A190099B29D /* ViewControllers */,
				FAB235981FB999F40099B29D /* Views */,
				FAB235971FB999E90099B29D /* Controllers */,
				FAB235921FB993BC0099B29D /* Fonts */,
				FAB235611FB990F60099B29D /* AppDelegate.swift */,
				FAB2356B1FB990F60099B29D /* Assets.xcassets */,
				FAB235701FB990F60099B29D /* Info.plist */,
				FAB235681FB990F60099B29D /* Im_Ready_.xcdatamodeld */,
			);
			path = "Im Ready!";
			sourceTree = "<group>";
		};
		FAB235781FB990F60099B29D /* Im Ready!Tests */ = {
			isa = PBXGroup;
			children = (
				FAB235791FB990F60099B29D /* Im_Ready_Tests.swift */,
				FAB2357B1FB990F60099B29D /* Info.plist */,
			);
			path = "Im Ready!Tests";
			sourceTree = "<group>";
		};
		FAB235831FB990F60099B29D /* Im Ready!UITests */ = {
			isa = PBXGroup;
			children = (
				FAB235841FB990F60099B29D /* Im_Ready_UITests.swift */,
				FAB235861FB990F60099B29D /* Info.plist */,
			);
			path = "Im Ready!UITests";
			sourceTree = "<group>";
		};
		FAB235921FB993BC0099B29D /* Fonts */ = {
			isa = PBXGroup;
			children = (
				FAB235931FB994380099B29D /* Roboto */,
			);
			path = Fonts;
			sourceTree = "<group>";
		};
		FAB235971FB999E90099B29D /* Controllers */ = {
			isa = PBXGroup;
			children = (
			);
			path = Controllers;
			sourceTree = "<group>";
		};
		FAB235981FB999F40099B29D /* Views */ = {
			isa = PBXGroup;
			children = (
				FAB235651FB990F60099B29D /* Client.storyboard */,
				FADAB4481FBDE0C00069E290 /* Caregiver.storyboard */,
			);
			path = Views;
			sourceTree = "<group>";
		};
		FAB235991FB99A190099B29D /* ViewControllers */ = {
			isa = PBXGroup;
			children = (
				FAB235A11FB99B720099B29D /* LoginViewController.swift */,
				FADAB45A1FBECF710069E290 /* BuildingblockCell.swift */,
				FA73CDEE1FBF2D110077F563 /* HomescreenViewController.swift */,
				FA7471FF1FCC088300D0D9D8 /* ComponentViewController.swift */,
				FA7471FD1FCA0B2900D0D9D8 /* ComponentTableViewCell.swift */,
				FA7472011FCC63D500D0D9D8 /* ActivityViewController.swift */,
			);
			path = ViewControllers;
			sourceTree = "<group>";
		};
		FAB2359A1FB99A210099B29D /* Models */ = {
			isa = PBXGroup;
			children = (
				FA4DFE481FBC33E000945B2A /* EntityModel.swift */,
				FA4DFE391FBB177800945B2A /* Person.swift */,
				FAB2359B1FB99A970099B29D /* Client.swift */,
				FAB2359D1FB99AA70099B29D /* Caregiver.swift */,
				FA4DFE431FBC1C5E00945B2A /* Family.swift */,
				FA4DFE351FBADB7700945B2A /* Chat.swift */,
				FA4DFE371FBADB8500945B2A /* Message.swift */,
				FA4DFE3B1FBB198C00945B2A /* User.swift */,
				FA4DFE3D1FBC19D900945B2A /* Buildingblock.swift */,
				FA4DFE3F1FBC1AF500945B2A /* Component.swift */,
				FA4DFE411FBC1B7C00945B2A /* Activity.swift */,
			);
			path = Models;
			sourceTree = "<group>";
		};
		FADAB44C1FBDEF610069E290 /* Services */ = {
			isa = PBXGroup;
			children = (
				FAA4BB8A1FBF0421006B845D /* Services.swift */,
				FADAB4521FBDF0350069E290 /* AuthenticationService.swift */,
				FADAB4561FBDF2D60069E290 /* ClientService.swift */,
				FA4B87471FC3091D008CB427 /* BuildingblockService.swift */,
				FA7265DB1FC6104200E7FBC4 /* ComponentService.swift */,
				FA7265DD1FC6CA2D00E7FBC4 /* ActivityService.swift */,
			);
			path = Services;
			sourceTree = "<group>";
		};
		FADAB4511FBDF01A0069E290 /* Rest */ = {
			isa = PBXGroup;
			children = (
				FADAB44F1FBDEFAF0069E290 /* ApiClient.swift */,
				FA4DFE451FBC204700945B2A /* Models */,
				FADAB44C1FBDEF610069E290 /* Services */,
				FADAB4541FBDF0D20069E290 /* WebClient.swift */,
			);
			path = Rest;
			sourceTree = "<group>";
		};
/* End PBXGroup section */

/* Begin PBXNativeTarget section */
		FAB2355D1FB990F60099B29D /* Im Ready! */ = {
			isa = PBXNativeTarget;
			buildConfigurationList = FAB235891FB990F60099B29D /* Build configuration list for PBXNativeTarget "Im Ready!" */;
			buildPhases = (
				1075BED97D468B4B3D4DBDA1 /* [CP] Check Pods Manifest.lock */,
				FAB2355A1FB990F60099B29D /* Sources */,
				FAB2355B1FB990F60099B29D /* Frameworks */,
				FAB2355C1FB990F60099B29D /* Resources */,
				3E6C62A5C0C7321182156722 /* [CP] Embed Pods Frameworks */,
				193CE2F4A216EAA8213BA0A0 /* [CP] Copy Pods Resources */,
			);
			buildRules = (
			);
			dependencies = (
			);
			name = "Im Ready!";
			productName = "Im Ready!";
			productReference = FAB2355E1FB990F60099B29D /* Im Ready!.app */;
			productType = "com.apple.product-type.application";
		};
		FAB235741FB990F60099B29D /* Im Ready!Tests */ = {
			isa = PBXNativeTarget;
			buildConfigurationList = FAB2358C1FB990F60099B29D /* Build configuration list for PBXNativeTarget "Im Ready!Tests" */;
			buildPhases = (
				15267A52D888BD445E8E97A7 /* [CP] Check Pods Manifest.lock */,
				FAB235711FB990F60099B29D /* Sources */,
				FAB235721FB990F60099B29D /* Frameworks */,
				FAB235731FB990F60099B29D /* Resources */,
				9F43C9D87B6E0D41D8DAE927 /* [CP] Embed Pods Frameworks */,
				AA8D07337AFACC5B8B247505 /* [CP] Copy Pods Resources */,
			);
			buildRules = (
			);
			dependencies = (
				FAB235771FB990F60099B29D /* PBXTargetDependency */,
			);
			name = "Im Ready!Tests";
			productName = "Im Ready!Tests";
			productReference = FAB235751FB990F60099B29D /* Im Ready!Tests.xctest */;
			productType = "com.apple.product-type.bundle.unit-test";
		};
		FAB2357F1FB990F60099B29D /* Im Ready!UITests */ = {
			isa = PBXNativeTarget;
			buildConfigurationList = FAB2358F1FB990F60099B29D /* Build configuration list for PBXNativeTarget "Im Ready!UITests" */;
			buildPhases = (
				57958199F4323E457A5BB41D /* [CP] Check Pods Manifest.lock */,
				FAB2357C1FB990F60099B29D /* Sources */,
				FAB2357D1FB990F60099B29D /* Frameworks */,
				FAB2357E1FB990F60099B29D /* Resources */,
				CA55C5EDB77EFE05D5C3A519 /* [CP] Embed Pods Frameworks */,
				848A4503FC1ACF686F02AF39 /* [CP] Copy Pods Resources */,
			);
			buildRules = (
			);
			dependencies = (
				FAB235821FB990F60099B29D /* PBXTargetDependency */,
			);
			name = "Im Ready!UITests";
			productName = "Im Ready!UITests";
			productReference = FAB235801FB990F60099B29D /* Im Ready!UITests.xctest */;
			productType = "com.apple.product-type.bundle.ui-testing";
		};
/* End PBXNativeTarget section */

/* Begin PBXProject section */
		FAB235561FB990F50099B29D /* Project object */ = {
			isa = PBXProject;
			attributes = {
				LastSwiftUpdateCheck = 0910;
				LastUpgradeCheck = 0910;
				ORGANIZATIONNAME = "Wouter Vermeij";
				TargetAttributes = {
					FAB2355D1FB990F60099B29D = {
						CreatedOnToolsVersion = 9.1;
						ProvisioningStyle = Automatic;
					};
					FAB235741FB990F60099B29D = {
						CreatedOnToolsVersion = 9.1;
						ProvisioningStyle = Automatic;
						TestTargetID = FAB2355D1FB990F60099B29D;
					};
					FAB2357F1FB990F60099B29D = {
						CreatedOnToolsVersion = 9.1;
						ProvisioningStyle = Automatic;
						TestTargetID = FAB2355D1FB990F60099B29D;
					};
				};
			};
			buildConfigurationList = FAB235591FB990F50099B29D /* Build configuration list for PBXProject "Im Ready!" */;
			compatibilityVersion = "Xcode 8.0";
			developmentRegion = en;
			hasScannedForEncodings = 0;
			knownRegions = (
				en,
				Base,
			);
			mainGroup = FAB235551FB990F50099B29D;
			productRefGroup = FAB2355F1FB990F60099B29D /* Products */;
			projectDirPath = "";
			projectRoot = "";
			targets = (
				FAB2355D1FB990F60099B29D /* Im Ready! */,
				FAB235741FB990F60099B29D /* Im Ready!Tests */,
				FAB2357F1FB990F60099B29D /* Im Ready!UITests */,
			);
		};
/* End PBXProject section */

/* Begin PBXResourcesBuildPhase section */
		FAB2355C1FB990F60099B29D /* Resources */ = {
			isa = PBXResourcesBuildPhase;
			buildActionMask = 2147483647;
			files = (
				FAB2356F1FB990F60099B29D /* LaunchScreen.storyboard in Resources */,
				FADAB4491FBDE0C00069E290 /* Caregiver.storyboard in Resources */,
				FAB2356C1FB990F60099B29D /* Assets.xcassets in Resources */,
				FAB235671FB990F60099B29D /* Client.storyboard in Resources */,
				FAB235961FB9960E0099B29D /* Info.plist in Resources */,
				FAB235941FB994380099B29D /* Roboto in Resources */,
			);
			runOnlyForDeploymentPostprocessing = 0;
		};
		FAB235731FB990F60099B29D /* Resources */ = {
			isa = PBXResourcesBuildPhase;
			buildActionMask = 2147483647;
			files = (
			);
			runOnlyForDeploymentPostprocessing = 0;
		};
		FAB2357E1FB990F60099B29D /* Resources */ = {
			isa = PBXResourcesBuildPhase;
			buildActionMask = 2147483647;
			files = (
			);
			runOnlyForDeploymentPostprocessing = 0;
		};
/* End PBXResourcesBuildPhase section */

/* Begin PBXShellScriptBuildPhase section */
		1075BED97D468B4B3D4DBDA1 /* [CP] Check Pods Manifest.lock */ = {
			isa = PBXShellScriptBuildPhase;
			buildActionMask = 2147483647;
			files = (
			);
			inputPaths = (
				"${PODS_PODFILE_DIR_PATH}/Podfile.lock",
				"${PODS_ROOT}/Manifest.lock",
			);
			name = "[CP] Check Pods Manifest.lock";
			outputPaths = (
				"$(DERIVED_FILE_DIR)/Pods-Im Ready!-checkManifestLockResult.txt",
			);
			runOnlyForDeploymentPostprocessing = 0;
			shellPath = /bin/sh;
			shellScript = "diff \"${PODS_PODFILE_DIR_PATH}/Podfile.lock\" \"${PODS_ROOT}/Manifest.lock\" > /dev/null\nif [ $? != 0 ] ; then\n    # print error to STDERR\n    echo \"error: The sandbox is not in sync with the Podfile.lock. Run 'pod install' or update your CocoaPods installation.\" >&2\n    exit 1\nfi\n# This output is used by Xcode 'outputs' to avoid re-running this script phase.\necho \"SUCCESS\" > \"${SCRIPT_OUTPUT_FILE_0}\"\n";
			showEnvVarsInLog = 0;
		};
		15267A52D888BD445E8E97A7 /* [CP] Check Pods Manifest.lock */ = {
			isa = PBXShellScriptBuildPhase;
			buildActionMask = 2147483647;
			files = (
			);
			inputPaths = (
				"${PODS_PODFILE_DIR_PATH}/Podfile.lock",
				"${PODS_ROOT}/Manifest.lock",
			);
			name = "[CP] Check Pods Manifest.lock";
			outputPaths = (
				"$(DERIVED_FILE_DIR)/Pods-Im Ready!Tests-checkManifestLockResult.txt",
			);
			runOnlyForDeploymentPostprocessing = 0;
			shellPath = /bin/sh;
			shellScript = "diff \"${PODS_PODFILE_DIR_PATH}/Podfile.lock\" \"${PODS_ROOT}/Manifest.lock\" > /dev/null\nif [ $? != 0 ] ; then\n    # print error to STDERR\n    echo \"error: The sandbox is not in sync with the Podfile.lock. Run 'pod install' or update your CocoaPods installation.\" >&2\n    exit 1\nfi\n# This output is used by Xcode 'outputs' to avoid re-running this script phase.\necho \"SUCCESS\" > \"${SCRIPT_OUTPUT_FILE_0}\"\n";
			showEnvVarsInLog = 0;
		};
		193CE2F4A216EAA8213BA0A0 /* [CP] Copy Pods Resources */ = {
			isa = PBXShellScriptBuildPhase;
			buildActionMask = 2147483647;
			files = (
			);
			inputPaths = (
			);
			name = "[CP] Copy Pods Resources";
			outputPaths = (
			);
			runOnlyForDeploymentPostprocessing = 0;
			shellPath = /bin/sh;
			shellScript = "\"${SRCROOT}/Pods/Target Support Files/Pods-Im Ready!/Pods-Im Ready!-resources.sh\"\n";
			showEnvVarsInLog = 0;
		};
		3E6C62A5C0C7321182156722 /* [CP] Embed Pods Frameworks */ = {
			isa = PBXShellScriptBuildPhase;
			buildActionMask = 2147483647;
			files = (
			);
			inputPaths = (
				"${SRCROOT}/Pods/Target Support Files/Pods-Im Ready!/Pods-Im Ready!-frameworks.sh",
				"${BUILT_PRODUCTS_DIR}/Alamofire/Alamofire.framework",
				"${BUILT_PRODUCTS_DIR}/Alamofire-SwiftyJSON/Alamofire_SwiftyJSON.framework",
				"${BUILT_PRODUCTS_DIR}/AlamofireImage/AlamofireImage.framework",
				"${BUILT_PRODUCTS_DIR}/SwiftyJSON/SwiftyJSON.framework",
			);
			name = "[CP] Embed Pods Frameworks";
			outputPaths = (
				"${TARGET_BUILD_DIR}/${FRAMEWORKS_FOLDER_PATH}/Alamofire.framework",
				"${TARGET_BUILD_DIR}/${FRAMEWORKS_FOLDER_PATH}/Alamofire_SwiftyJSON.framework",
				"${TARGET_BUILD_DIR}/${FRAMEWORKS_FOLDER_PATH}/AlamofireImage.framework",
				"${TARGET_BUILD_DIR}/${FRAMEWORKS_FOLDER_PATH}/SwiftyJSON.framework",
			);
			runOnlyForDeploymentPostprocessing = 0;
			shellPath = /bin/sh;
			shellScript = "\"${SRCROOT}/Pods/Target Support Files/Pods-Im Ready!/Pods-Im Ready!-frameworks.sh\"\n";
			showEnvVarsInLog = 0;
		};
		57958199F4323E457A5BB41D /* [CP] Check Pods Manifest.lock */ = {
			isa = PBXShellScriptBuildPhase;
			buildActionMask = 2147483647;
			files = (
			);
			inputPaths = (
				"${PODS_PODFILE_DIR_PATH}/Podfile.lock",
				"${PODS_ROOT}/Manifest.lock",
			);
			name = "[CP] Check Pods Manifest.lock";
			outputPaths = (
				"$(DERIVED_FILE_DIR)/Pods-Im Ready!UITests-checkManifestLockResult.txt",
			);
			runOnlyForDeploymentPostprocessing = 0;
			shellPath = /bin/sh;
			shellScript = "diff \"${PODS_PODFILE_DIR_PATH}/Podfile.lock\" \"${PODS_ROOT}/Manifest.lock\" > /dev/null\nif [ $? != 0 ] ; then\n    # print error to STDERR\n    echo \"error: The sandbox is not in sync with the Podfile.lock. Run 'pod install' or update your CocoaPods installation.\" >&2\n    exit 1\nfi\n# This output is used by Xcode 'outputs' to avoid re-running this script phase.\necho \"SUCCESS\" > \"${SCRIPT_OUTPUT_FILE_0}\"\n";
			showEnvVarsInLog = 0;
		};
		848A4503FC1ACF686F02AF39 /* [CP] Copy Pods Resources */ = {
			isa = PBXShellScriptBuildPhase;
			buildActionMask = 2147483647;
			files = (
			);
			inputPaths = (
			);
			name = "[CP] Copy Pods Resources";
			outputPaths = (
			);
			runOnlyForDeploymentPostprocessing = 0;
			shellPath = /bin/sh;
			shellScript = "\"${SRCROOT}/Pods/Target Support Files/Pods-Im Ready!UITests/Pods-Im Ready!UITests-resources.sh\"\n";
			showEnvVarsInLog = 0;
		};
		9F43C9D87B6E0D41D8DAE927 /* [CP] Embed Pods Frameworks */ = {
			isa = PBXShellScriptBuildPhase;
			buildActionMask = 2147483647;
			files = (
			);
			inputPaths = (
			);
			name = "[CP] Embed Pods Frameworks";
			outputPaths = (
			);
			runOnlyForDeploymentPostprocessing = 0;
			shellPath = /bin/sh;
			shellScript = "\"${SRCROOT}/Pods/Target Support Files/Pods-Im Ready!Tests/Pods-Im Ready!Tests-frameworks.sh\"\n";
			showEnvVarsInLog = 0;
		};
		AA8D07337AFACC5B8B247505 /* [CP] Copy Pods Resources */ = {
			isa = PBXShellScriptBuildPhase;
			buildActionMask = 2147483647;
			files = (
			);
			inputPaths = (
			);
			name = "[CP] Copy Pods Resources";
			outputPaths = (
			);
			runOnlyForDeploymentPostprocessing = 0;
			shellPath = /bin/sh;
			shellScript = "\"${SRCROOT}/Pods/Target Support Files/Pods-Im Ready!Tests/Pods-Im Ready!Tests-resources.sh\"\n";
			showEnvVarsInLog = 0;
		};
		CA55C5EDB77EFE05D5C3A519 /* [CP] Embed Pods Frameworks */ = {
			isa = PBXShellScriptBuildPhase;
			buildActionMask = 2147483647;
			files = (
			);
			inputPaths = (
			);
			name = "[CP] Embed Pods Frameworks";
			outputPaths = (
			);
			runOnlyForDeploymentPostprocessing = 0;
			shellPath = /bin/sh;
			shellScript = "\"${SRCROOT}/Pods/Target Support Files/Pods-Im Ready!UITests/Pods-Im Ready!UITests-frameworks.sh\"\n";
			showEnvVarsInLog = 0;
		};
/* End PBXShellScriptBuildPhase section */

/* Begin PBXSourcesBuildPhase section */
		FAB2355A1FB990F60099B29D /* Sources */ = {
			isa = PBXSourcesBuildPhase;
			buildActionMask = 2147483647;
			files = (
				FA4B87481FC3091D008CB427 /* BuildingblockService.swift in Sources */,
				FA4B87461FC307FD008CB427 /* BuildingblockResult.swift in Sources */,
				FADAB4591FBECEAC0069E290 /* Extensions.swift in Sources */,
				FA73CDEF1FBF2D110077F563 /* HomescreenViewController.swift in Sources */,
				FADAB45B1FBECF710069E290 /* BuildingblockCell.swift in Sources */,
				FA4B874C1FC3148C008CB427 /* UIImageViewExtension.swift in Sources */,
				FA4DFE421FBC1B7C00945B2A /* Activity.swift in Sources */,
				FA4DFE3A1FBB177800945B2A /* Person.swift in Sources */,
				FAB235A21FB99B720099B29D /* LoginViewController.swift in Sources */,
				FAB2359E1FB99AA70099B29D /* Caregiver.swift in Sources */,
				FA7265DE1FC6CA2D00E7FBC4 /* ActivityService.swift in Sources */,
				FA4DFE401FBC1AF500945B2A /* Component.swift in Sources */,
				FA4DFE3E1FBC19D900945B2A /* Buildingblock.swift in Sources */,
				FA4DFE381FBADB8500945B2A /* Message.swift in Sources */,
				FAB2356A1FB990F60099B29D /* Im_Ready_.xcdatamodeld in Sources */,
				FA7472001FCC088300D0D9D8 /* ComponentViewController.swift in Sources */,
				FADAB4551FBDF0D20069E290 /* WebClient.swift in Sources */,
				FAA4BB8B1FBF0421006B845D /* Services.swift in Sources */,
				FAB2359C1FB99A970099B29D /* Client.swift in Sources */,
				FADAB4501FBDEFAF0069E290 /* ApiClient.swift in Sources */,
				FA4DFE491FBC33E000945B2A /* EntityModel.swift in Sources */,
				FA7472021FCC63D500D0D9D8 /* ActivityViewController.swift in Sources */,
				FA4DFE361FBADB7700945B2A /* Chat.swift in Sources */,
				FAB235621FB990F60099B29D /* AppDelegate.swift in Sources */,
				FA4DFE471FBC205100945B2A /* LoginResult.swift in Sources */,
				FA4DFE3C1FBB198C00945B2A /* User.swift in Sources */,
				FA4B874A1FC31461008CB427 /* UIViewControllerExtension.swift in Sources */,
				FA4DFE441FBC1C5E00945B2A /* Family.swift in Sources */,
				FA7471FC1FC722E100D0D9D8 /* ActivityResult.swift in Sources */,
				FA7471FA1FC722A200D0D9D8 /* ComponentResult.swift in Sources */,
				FADAB4571FBDF2D60069E290 /* ClientService.swift in Sources */,
				FADAB4531FBDF0350069E290 /* AuthenticationService.swift in Sources */,
				FA7471FE1FCA0B2900D0D9D8 /* ComponentTableViewCell.swift in Sources */,
				FA7265DC1FC6104200E7FBC4 /* ComponentService.swift in Sources */,
			);
			runOnlyForDeploymentPostprocessing = 0;
		};
		FAB235711FB990F60099B29D /* Sources */ = {
			isa = PBXSourcesBuildPhase;
			buildActionMask = 2147483647;
			files = (
				FAB2357A1FB990F60099B29D /* Im_Ready_Tests.swift in Sources */,
			);
			runOnlyForDeploymentPostprocessing = 0;
		};
		FAB2357C1FB990F60099B29D /* Sources */ = {
			isa = PBXSourcesBuildPhase;
			buildActionMask = 2147483647;
			files = (
				FAB235851FB990F60099B29D /* Im_Ready_UITests.swift in Sources */,
			);
			runOnlyForDeploymentPostprocessing = 0;
		};
/* End PBXSourcesBuildPhase section */

/* Begin PBXTargetDependency section */
		FAB235771FB990F60099B29D /* PBXTargetDependency */ = {
			isa = PBXTargetDependency;
			target = FAB2355D1FB990F60099B29D /* Im Ready! */;
			targetProxy = FAB235761FB990F60099B29D /* PBXContainerItemProxy */;
		};
		FAB235821FB990F60099B29D /* PBXTargetDependency */ = {
			isa = PBXTargetDependency;
			target = FAB2355D1FB990F60099B29D /* Im Ready! */;
			targetProxy = FAB235811FB990F60099B29D /* PBXContainerItemProxy */;
		};
/* End PBXTargetDependency section */

/* Begin PBXVariantGroup section */
		FAB235651FB990F60099B29D /* Client.storyboard */ = {
			isa = PBXVariantGroup;
			children = (
				FAB235661FB990F60099B29D /* Base */,
			);
			name = Client.storyboard;
			sourceTree = "<group>";
		};
		FAB2356D1FB990F60099B29D /* LaunchScreen.storyboard */ = {
			isa = PBXVariantGroup;
			children = (
				FAB2356E1FB990F60099B29D /* Base */,
			);
			name = LaunchScreen.storyboard;
			sourceTree = "<group>";
		};
/* End PBXVariantGroup section */

/* Begin XCBuildConfiguration section */
		FAB235871FB990F60099B29D /* Debug */ = {
			isa = XCBuildConfiguration;
			buildSettings = {
				ALWAYS_SEARCH_USER_PATHS = NO;
				CLANG_ANALYZER_NONNULL = YES;
				CLANG_ANALYZER_NUMBER_OBJECT_CONVERSION = YES_AGGRESSIVE;
				CLANG_CXX_LANGUAGE_STANDARD = "gnu++14";
				CLANG_CXX_LIBRARY = "libc++";
				CLANG_ENABLE_MODULES = YES;
				CLANG_ENABLE_OBJC_ARC = YES;
				CLANG_WARN_BLOCK_CAPTURE_AUTORELEASING = YES;
				CLANG_WARN_BOOL_CONVERSION = YES;
				CLANG_WARN_COMMA = YES;
				CLANG_WARN_CONSTANT_CONVERSION = YES;
				CLANG_WARN_DIRECT_OBJC_ISA_USAGE = YES_ERROR;
				CLANG_WARN_DOCUMENTATION_COMMENTS = YES;
				CLANG_WARN_EMPTY_BODY = YES;
				CLANG_WARN_ENUM_CONVERSION = YES;
				CLANG_WARN_INFINITE_RECURSION = YES;
				CLANG_WARN_INT_CONVERSION = YES;
				CLANG_WARN_NON_LITERAL_NULL_CONVERSION = YES;
				CLANG_WARN_OBJC_LITERAL_CONVERSION = YES;
				CLANG_WARN_OBJC_ROOT_CLASS = YES_ERROR;
				CLANG_WARN_RANGE_LOOP_ANALYSIS = YES;
				CLANG_WARN_STRICT_PROTOTYPES = YES;
				CLANG_WARN_SUSPICIOUS_MOVE = YES;
				CLANG_WARN_UNGUARDED_AVAILABILITY = YES_AGGRESSIVE;
				CLANG_WARN_UNREACHABLE_CODE = YES;
				CLANG_WARN__DUPLICATE_METHOD_MATCH = YES;
				CODE_SIGN_IDENTITY = "iPhone Developer";
				COPY_PHASE_STRIP = NO;
				DEBUG_INFORMATION_FORMAT = dwarf;
				ENABLE_STRICT_OBJC_MSGSEND = YES;
				ENABLE_TESTABILITY = YES;
				GCC_C_LANGUAGE_STANDARD = gnu11;
				GCC_DYNAMIC_NO_PIC = NO;
				GCC_NO_COMMON_BLOCKS = YES;
				GCC_OPTIMIZATION_LEVEL = 0;
				GCC_PREPROCESSOR_DEFINITIONS = (
					"DEBUG=1",
					"$(inherited)",
				);
				GCC_WARN_64_TO_32_BIT_CONVERSION = YES;
				GCC_WARN_ABOUT_RETURN_TYPE = YES_ERROR;
				GCC_WARN_UNDECLARED_SELECTOR = YES;
				GCC_WARN_UNINITIALIZED_AUTOS = YES_AGGRESSIVE;
				GCC_WARN_UNUSED_FUNCTION = YES;
				GCC_WARN_UNUSED_VARIABLE = YES;
				IPHONEOS_DEPLOYMENT_TARGET = 11.1;
				MTL_ENABLE_DEBUG_INFO = YES;
				ONLY_ACTIVE_ARCH = YES;
				SDKROOT = iphoneos;
				SWIFT_ACTIVE_COMPILATION_CONDITIONS = DEBUG;
				SWIFT_OPTIMIZATION_LEVEL = "-Onone";
			};
			name = Debug;
		};
		FAB235881FB990F60099B29D /* Release */ = {
			isa = XCBuildConfiguration;
			buildSettings = {
				ALWAYS_SEARCH_USER_PATHS = NO;
				CLANG_ANALYZER_NONNULL = YES;
				CLANG_ANALYZER_NUMBER_OBJECT_CONVERSION = YES_AGGRESSIVE;
				CLANG_CXX_LANGUAGE_STANDARD = "gnu++14";
				CLANG_CXX_LIBRARY = "libc++";
				CLANG_ENABLE_MODULES = YES;
				CLANG_ENABLE_OBJC_ARC = YES;
				CLANG_WARN_BLOCK_CAPTURE_AUTORELEASING = YES;
				CLANG_WARN_BOOL_CONVERSION = YES;
				CLANG_WARN_COMMA = YES;
				CLANG_WARN_CONSTANT_CONVERSION = YES;
				CLANG_WARN_DIRECT_OBJC_ISA_USAGE = YES_ERROR;
				CLANG_WARN_DOCUMENTATION_COMMENTS = YES;
				CLANG_WARN_EMPTY_BODY = YES;
				CLANG_WARN_ENUM_CONVERSION = YES;
				CLANG_WARN_INFINITE_RECURSION = YES;
				CLANG_WARN_INT_CONVERSION = YES;
				CLANG_WARN_NON_LITERAL_NULL_CONVERSION = YES;
				CLANG_WARN_OBJC_LITERAL_CONVERSION = YES;
				CLANG_WARN_OBJC_ROOT_CLASS = YES_ERROR;
				CLANG_WARN_RANGE_LOOP_ANALYSIS = YES;
				CLANG_WARN_STRICT_PROTOTYPES = YES;
				CLANG_WARN_SUSPICIOUS_MOVE = YES;
				CLANG_WARN_UNGUARDED_AVAILABILITY = YES_AGGRESSIVE;
				CLANG_WARN_UNREACHABLE_CODE = YES;
				CLANG_WARN__DUPLICATE_METHOD_MATCH = YES;
				CODE_SIGN_IDENTITY = "iPhone Developer";
				COPY_PHASE_STRIP = NO;
				DEBUG_INFORMATION_FORMAT = "dwarf-with-dsym";
				ENABLE_NS_ASSERTIONS = NO;
				ENABLE_STRICT_OBJC_MSGSEND = YES;
				GCC_C_LANGUAGE_STANDARD = gnu11;
				GCC_NO_COMMON_BLOCKS = YES;
				GCC_WARN_64_TO_32_BIT_CONVERSION = YES;
				GCC_WARN_ABOUT_RETURN_TYPE = YES_ERROR;
				GCC_WARN_UNDECLARED_SELECTOR = YES;
				GCC_WARN_UNINITIALIZED_AUTOS = YES_AGGRESSIVE;
				GCC_WARN_UNUSED_FUNCTION = YES;
				GCC_WARN_UNUSED_VARIABLE = YES;
				IPHONEOS_DEPLOYMENT_TARGET = 11.1;
				MTL_ENABLE_DEBUG_INFO = NO;
				SDKROOT = iphoneos;
				SWIFT_OPTIMIZATION_LEVEL = "-Owholemodule";
				VALIDATE_PRODUCT = YES;
			};
			name = Release;
		};
		FAB2358A1FB990F60099B29D /* Debug */ = {
			isa = XCBuildConfiguration;
			baseConfigurationReference = 74133F7968F33C1006A5B301 /* Pods-Im Ready!.debug.xcconfig */;
			buildSettings = {
				ASSETCATALOG_COMPILER_APPICON_NAME = AppIcon;
				CODE_SIGN_STYLE = Automatic;
				DEVELOPMENT_TEAM = 9TP4ZR66RV;
				INFOPLIST_FILE = "Im Ready!/Info.plist";
				LD_RUNPATH_SEARCH_PATHS = "$(inherited) @executable_path/Frameworks";
				PRODUCT_BUNDLE_IDENTIFIER = "Inholland.Im-Ready-";
				PRODUCT_NAME = "$(TARGET_NAME)";
				SWIFT_VERSION = 4.0;
				TARGETED_DEVICE_FAMILY = "1,2";
			};
			name = Debug;
		};
		FAB2358B1FB990F60099B29D /* Release */ = {
			isa = XCBuildConfiguration;
			baseConfigurationReference = 59707C614206F5C8B8CD852E /* Pods-Im Ready!.release.xcconfig */;
			buildSettings = {
				ASSETCATALOG_COMPILER_APPICON_NAME = AppIcon;
				CODE_SIGN_STYLE = Automatic;
				DEVELOPMENT_TEAM = 9TP4ZR66RV;
				INFOPLIST_FILE = "Im Ready!/Info.plist";
				LD_RUNPATH_SEARCH_PATHS = "$(inherited) @executable_path/Frameworks";
				PRODUCT_BUNDLE_IDENTIFIER = "Inholland.Im-Ready-";
				PRODUCT_NAME = "$(TARGET_NAME)";
				SWIFT_VERSION = 4.0;
				TARGETED_DEVICE_FAMILY = "1,2";
			};
			name = Release;
		};
		FAB2358D1FB990F60099B29D /* Debug */ = {
			isa = XCBuildConfiguration;
			baseConfigurationReference = EA22577E3139BDD4A7B335DE /* Pods-Im Ready!Tests.debug.xcconfig */;
			buildSettings = {
				ALWAYS_EMBED_SWIFT_STANDARD_LIBRARIES = YES;
				BUNDLE_LOADER = "$(TEST_HOST)";
				CODE_SIGN_STYLE = Automatic;
				DEVELOPMENT_TEAM = 9TP4ZR66RV;
				INFOPLIST_FILE = "Im Ready!Tests/Info.plist";
				LD_RUNPATH_SEARCH_PATHS = "$(inherited) @executable_path/Frameworks @loader_path/Frameworks";
				PRODUCT_BUNDLE_IDENTIFIER = "Inholland.Im-Ready-Tests";
				PRODUCT_NAME = "$(TARGET_NAME)";
				SWIFT_VERSION = 4.0;
				TARGETED_DEVICE_FAMILY = "1,2";
				TEST_HOST = "$(BUILT_PRODUCTS_DIR)/Im Ready!.app/Im Ready!";
			};
			name = Debug;
		};
		FAB2358E1FB990F60099B29D /* Release */ = {
			isa = XCBuildConfiguration;
			baseConfigurationReference = 6BECBDC8E2921F4D4873CE03 /* Pods-Im Ready!Tests.release.xcconfig */;
			buildSettings = {
				ALWAYS_EMBED_SWIFT_STANDARD_LIBRARIES = YES;
				BUNDLE_LOADER = "$(TEST_HOST)";
				CODE_SIGN_STYLE = Automatic;
				DEVELOPMENT_TEAM = 9TP4ZR66RV;
				INFOPLIST_FILE = "Im Ready!Tests/Info.plist";
				LD_RUNPATH_SEARCH_PATHS = "$(inherited) @executable_path/Frameworks @loader_path/Frameworks";
				PRODUCT_BUNDLE_IDENTIFIER = "Inholland.Im-Ready-Tests";
				PRODUCT_NAME = "$(TARGET_NAME)";
				SWIFT_VERSION = 4.0;
				TARGETED_DEVICE_FAMILY = "1,2";
				TEST_HOST = "$(BUILT_PRODUCTS_DIR)/Im Ready!.app/Im Ready!";
			};
			name = Release;
		};
		FAB235901FB990F60099B29D /* Debug */ = {
			isa = XCBuildConfiguration;
			baseConfigurationReference = A4401D549EE167C2C61F36A6 /* Pods-Im Ready!UITests.debug.xcconfig */;
			buildSettings = {
				ALWAYS_EMBED_SWIFT_STANDARD_LIBRARIES = YES;
				CODE_SIGN_STYLE = Automatic;
				DEVELOPMENT_TEAM = 9TP4ZR66RV;
				INFOPLIST_FILE = "Im Ready!UITests/Info.plist";
				LD_RUNPATH_SEARCH_PATHS = "$(inherited) @executable_path/Frameworks @loader_path/Frameworks";
				PRODUCT_BUNDLE_IDENTIFIER = "Inholland.Im-Ready-UITests";
				PRODUCT_NAME = "$(TARGET_NAME)";
				SWIFT_VERSION = 4.0;
				TARGETED_DEVICE_FAMILY = "1,2";
				TEST_TARGET_NAME = "Im Ready!";
			};
			name = Debug;
		};
		FAB235911FB990F60099B29D /* Release */ = {
			isa = XCBuildConfiguration;
			baseConfigurationReference = C218B82C4D603095F850F4D3 /* Pods-Im Ready!UITests.release.xcconfig */;
			buildSettings = {
				ALWAYS_EMBED_SWIFT_STANDARD_LIBRARIES = YES;
				CODE_SIGN_STYLE = Automatic;
				DEVELOPMENT_TEAM = 9TP4ZR66RV;
				INFOPLIST_FILE = "Im Ready!UITests/Info.plist";
				LD_RUNPATH_SEARCH_PATHS = "$(inherited) @executable_path/Frameworks @loader_path/Frameworks";
				PRODUCT_BUNDLE_IDENTIFIER = "Inholland.Im-Ready-UITests";
				PRODUCT_NAME = "$(TARGET_NAME)";
				SWIFT_VERSION = 4.0;
				TARGETED_DEVICE_FAMILY = "1,2";
				TEST_TARGET_NAME = "Im Ready!";
			};
			name = Release;
		};
/* End XCBuildConfiguration section */

/* Begin XCConfigurationList section */
		FAB235591FB990F50099B29D /* Build configuration list for PBXProject "Im Ready!" */ = {
			isa = XCConfigurationList;
			buildConfigurations = (
				FAB235871FB990F60099B29D /* Debug */,
				FAB235881FB990F60099B29D /* Release */,
			);
			defaultConfigurationIsVisible = 0;
			defaultConfigurationName = Release;
		};
		FAB235891FB990F60099B29D /* Build configuration list for PBXNativeTarget "Im Ready!" */ = {
			isa = XCConfigurationList;
			buildConfigurations = (
				FAB2358A1FB990F60099B29D /* Debug */,
				FAB2358B1FB990F60099B29D /* Release */,
			);
			defaultConfigurationIsVisible = 0;
			defaultConfigurationName = Release;
		};
		FAB2358C1FB990F60099B29D /* Build configuration list for PBXNativeTarget "Im Ready!Tests" */ = {
			isa = XCConfigurationList;
			buildConfigurations = (
				FAB2358D1FB990F60099B29D /* Debug */,
				FAB2358E1FB990F60099B29D /* Release */,
			);
			defaultConfigurationIsVisible = 0;
			defaultConfigurationName = Release;
		};
		FAB2358F1FB990F60099B29D /* Build configuration list for PBXNativeTarget "Im Ready!UITests" */ = {
			isa = XCConfigurationList;
			buildConfigurations = (
				FAB235901FB990F60099B29D /* Debug */,
				FAB235911FB990F60099B29D /* Release */,
			);
			defaultConfigurationIsVisible = 0;
			defaultConfigurationName = Release;
		};
/* End XCConfigurationList section */

/* Begin XCVersionGroup section */
		FAB235681FB990F60099B29D /* Im_Ready_.xcdatamodeld */ = {
			isa = XCVersionGroup;
			children = (
				FAB235691FB990F60099B29D /* Im_Ready_.xcdatamodel */,
			);
			currentVersion = FAB235691FB990F60099B29D /* Im_Ready_.xcdatamodel */;
			path = Im_Ready_.xcdatamodeld;
			sourceTree = "<group>";
			versionGroupType = wrapper.xcdatamodel;
		};
/* End XCVersionGroup section */
	};
	rootObject = FAB235561FB990F50099B29D /* Project object */;
}
